
Microsoft Visual Studio Solution File, Format Version 12.00
# Visual Studio 2013
VisualStudioVersion = 12.0.21005.1
MinimumVisualStudioVersion = 10.0.40219.1
Project("{2150E333-8FDC-42A3-9474-1A3956D46DE8}") = "BluffinMuffin", "BluffinMuffin", "{4BEDA595-7768-440E-9AF0-C0D505AEAF79}"
EndProject
Project("{2150E333-8FDC-42A3-9474-1A3956D46DE8}") = "EricUtility", "EricUtility", "{AE0FE0DB-691A-46B6-A792-E9FC6AC1E47D}"
EndProject
Project("{2150E333-8FDC-42A3-9474-1A3956D46DE8}") = "Poker", "Poker", "{4BD5D67A-321B-4D91-990E-6BE36655AB2B}"
EndProject
Project("{FAE04EC0-301F-11D3-BF4B-00C04F79EFBC}") = "Com.Ericmas001.Game.Poker.Protocol.Commands", "Com.Ericmas001.Game.Poker.Protocol.Commands\Com.Ericmas001.Game.Poker.Protocol.Commands.csproj", "{D19C48C3-3AF0-4323-8479-0C4F21EAB104}"
EndProject
Project("{FAE04EC0-301F-11D3-BF4B-00C04F79EFBC}") = "Com.Ericmas001.Game.Poker.Protocol.Client", "Com.Ericmas001.Game.Poker.Protocol.Client\Com.Ericmas001.Game.Poker.Protocol.Client.csproj", "{A5BE76D4-EC5F-4285-B713-9C0A7947BF72}"
EndProject
Project("{FAE04EC0-301F-11D3-BF4B-00C04F79EFBC}") = "Com.Ericmas001.Game.Poker.Protocol.Server", "Com.Ericmas001.Game.Poker.Protocol.Server\Com.Ericmas001.Game.Poker.Protocol.Server.csproj", "{D0973089-76FA-4361-9D10-79DC6E12CA11}"
EndProject
Project("{FAE04EC0-301F-11D3-BF4B-00C04F79EFBC}") = "Com.Ericmas001.Game.Poker.Persistance", "Com.Ericmas001.Game.Poker.Persistance\Com.Ericmas001.Game.Poker.Persistance.csproj", "{032C04FF-5C33-4BE2-AD7F-BED27134C8DF}"
EndProject
Project("{FAE04EC0-301F-11D3-BF4B-00C04F79EFBC}") = "Com.Ericmas001.Game.Poker.DataTypes", "Com.Ericmas001.Game.Poker.DataTypes\Com.Ericmas001.Game.Poker.DataTypes.csproj", "{AE42A29B-0D01-44C8-B824-DCA0471A7860}"
EndProject
Project("{FAE04EC0-301F-11D3-BF4B-00C04F79EFBC}") = "Com.Ericmas001.Game.Poker.Logic", "Com.Ericmas001.Game.Poker.Logic\Com.Ericmas001.Game.Poker.Logic.csproj", "{27A8B599-CD12-415A-B20F-4F1E718A1A0B}"
EndProject
Project("{FAE04EC0-301F-11D3-BF4B-00C04F79EFBC}") = "Com.Ericmas001.Game.Poker.HandEval", "Com.Ericmas001.Game.Poker.HandEval\Com.Ericmas001.Game.Poker.HandEval.csproj", "{44093528-2EC8-4A7A-8032-8BE6DC3E210F}"
EndProject
Project("{FAE04EC0-301F-11D3-BF4B-00C04F79EFBC}") = "Com.Ericmas001.Game.Poker.Logic.Test", "Com.Ericmas001.Game.Poker.Logic.Test\Com.Ericmas001.Game.Poker.Logic.Test.csproj", "{3AA02169-F848-43AD-8A89-0724FFDEA1EF}"
EndProject
Project("{2150E333-8FDC-42A3-9474-1A3956D46DE8}") = "Protocol", "Protocol", "{559E3E1E-E924-40C8-935F-8D931A0D655F}"
EndProject
Project("{2150E333-8FDC-42A3-9474-1A3956D46DE8}") = "Tests", "Tests", "{10646A39-62B0-45F4-9D1C-46252B174541}"
EndProject
Project("{FAE04EC0-301F-11D3-BF4B-00C04F79EFBC}") = "Com.Ericmas001.Game.Poker.GUI", "Com.Ericmas001.Game.Poker.GUI\Com.Ericmas001.Game.Poker.GUI.csproj", "{A3855920-6ACE-454B-8DC6-01B6D835215F}"
EndProject
Project("{FAE04EC0-301F-11D3-BF4B-00C04F79EFBC}") = "Com.Ericmas001.Game.BluffinMuffin.Server", "Com.Ericmas001.Game.BluffinMuffin.Server\Com.Ericmas001.Game.BluffinMuffin.Server.csproj", "{3082C9E0-DEFF-4B86-975A-0AE88AF51377}"
EndProject
Project("{FAE04EC0-301F-11D3-BF4B-00C04F79EFBC}") = "Com.Ericmas001.Game.BluffinMuffin.Client", "Com.Ericmas001.Game.BluffinMuffin.Client\Com.Ericmas001.Game.BluffinMuffin.Client.csproj", "{197A08CD-9ED4-4815-A370-0667197A1DAF}"
EndProject
Project("{FAE04EC0-301F-11D3-BF4B-00C04F79EFBC}") = "Com.Ericmas001.Util", "Com.Ericmas001.Util\Com.Ericmas001.Util.csproj", "{473A461C-A3EF-49A1-B4EF-0FDBE2304717}"
EndProject
Project("{FAE04EC0-301F-11D3-BF4B-00C04F79EFBC}") = "Com.Ericmas001.Collections", "Com.Ericmas001.Collections\Com.Ericmas001.Collections.csproj", "{48BED84D-B03C-4708-BF68-21BD4922A51C}"
EndProject
Project("{FAE04EC0-301F-11D3-BF4B-00C04F79EFBC}") = "Com.Ericmas001.Games", "Com.Ericmas001.Games\Com.Ericmas001.Games.csproj", "{64D407D1-1119-42A6-86F2-A98A31FDB3B2}"
EndProject
Project("{FAE04EC0-301F-11D3-BF4B-00C04F79EFBC}") = "Com.Ericmas001.Games.Windows.Forms", "Com.Ericmas001.Games.Windows.Forms\Com.Ericmas001.Games.Windows.Forms.csproj", "{44296C72-756A-4304-B975-660C80F8D2ED}"
EndProject
Project("{FAE04EC0-301F-11D3-BF4B-00C04F79EFBC}") = "Com.Ericmas001.Net.Protocol", "Com.Ericmas001.Net.Protocol\Com.Ericmas001.Net.Protocol.csproj", "{74DFF71C-67D4-4AFC-9688-766EB32AD4F6}"
EndProject
Project("{FAE04EC0-301F-11D3-BF4B-00C04F79EFBC}") = "Com.Ericmas001.Windows.Forms", "Com.Ericmas001.Windows.Forms\Com.Ericmas001.Windows.Forms.csproj", "{47E11091-F60C-4263-90B4-B4107A27057F}"
EndProject
Project("{FAE04EC0-301F-11D3-BF4B-00C04F79EFBC}") = "Com.Ericmas001.Net.JSON", "Com.Ericmas001.Net.JSON\Com.Ericmas001.Net.JSON.csproj", "{50FDAD8F-01C6-4B41-9547-8E212BBEB9B4}"
EndProject
Global
	GlobalSection(SolutionConfigurationPlatforms) = preSolution
		Debug|Any CPU = Debug|Any CPU
		Debug|Mixed Platforms = Debug|Mixed Platforms
		Debug|x86 = Debug|x86
		Release|Any CPU = Release|Any CPU
		Release|Mixed Platforms = Release|Mixed Platforms
		Release|x86 = Release|x86
		TestLive|Any CPU = TestLive|Any CPU
		TestLive|Mixed Platforms = TestLive|Mixed Platforms
		TestLive|x86 = TestLive|x86
	EndGlobalSection
	GlobalSection(ProjectConfigurationPlatforms) = postSolution
		{D19C48C3-3AF0-4323-8479-0C4F21EAB104}.Debug|Any CPU.ActiveCfg = Debug|Any CPU
		{D19C48C3-3AF0-4323-8479-0C4F21EAB104}.Debug|Any CPU.Build.0 = Debug|Any CPU
		{D19C48C3-3AF0-4323-8479-0C4F21EAB104}.Debug|Mixed Platforms.ActiveCfg = Debug|Any CPU
		{D19C48C3-3AF0-4323-8479-0C4F21EAB104}.Debug|Mixed Platforms.Build.0 = Debug|Any CPU
		{D19C48C3-3AF0-4323-8479-0C4F21EAB104}.Debug|x86.ActiveCfg = Debug|Any CPU
		{D19C48C3-3AF0-4323-8479-0C4F21EAB104}.Release|Any CPU.ActiveCfg = Release|Any CPU
		{D19C48C3-3AF0-4323-8479-0C4F21EAB104}.Release|Any CPU.Build.0 = Release|Any CPU
		{D19C48C3-3AF0-4323-8479-0C4F21EAB104}.Release|Mixed Platforms.ActiveCfg = Release|Any CPU
		{D19C48C3-3AF0-4323-8479-0C4F21EAB104}.Release|Mixed Platforms.Build.0 = Release|Any CPU
		{D19C48C3-3AF0-4323-8479-0C4F21EAB104}.Release|x86.ActiveCfg = Release|Any CPU
		{D19C48C3-3AF0-4323-8479-0C4F21EAB104}.TestLive|Any CPU.ActiveCfg = Release|Any CPU
		{D19C48C3-3AF0-4323-8479-0C4F21EAB104}.TestLive|Any CPU.Build.0 = Release|Any CPU
		{D19C48C3-3AF0-4323-8479-0C4F21EAB104}.TestLive|Mixed Platforms.ActiveCfg = Release|Any CPU
		{D19C48C3-3AF0-4323-8479-0C4F21EAB104}.TestLive|Mixed Platforms.Build.0 = Release|Any CPU
		{D19C48C3-3AF0-4323-8479-0C4F21EAB104}.TestLive|x86.ActiveCfg = Release|Any CPU
		{A5BE76D4-EC5F-4285-B713-9C0A7947BF72}.Debug|Any CPU.ActiveCfg = Debug|Any CPU
		{A5BE76D4-EC5F-4285-B713-9C0A7947BF72}.Debug|Any CPU.Build.0 = Debug|Any CPU
		{A5BE76D4-EC5F-4285-B713-9C0A7947BF72}.Debug|Mixed Platforms.ActiveCfg = Debug|Any CPU
		{A5BE76D4-EC5F-4285-B713-9C0A7947BF72}.Debug|Mixed Platforms.Build.0 = Debug|Any CPU
		{A5BE76D4-EC5F-4285-B713-9C0A7947BF72}.Debug|x86.ActiveCfg = Debug|Any CPU
		{A5BE76D4-EC5F-4285-B713-9C0A7947BF72}.Release|Any CPU.ActiveCfg = Release|Any CPU
		{A5BE76D4-EC5F-4285-B713-9C0A7947BF72}.Release|Any CPU.Build.0 = Release|Any CPU
		{A5BE76D4-EC5F-4285-B713-9C0A7947BF72}.Release|Mixed Platforms.ActiveCfg = Release|Any CPU
		{A5BE76D4-EC5F-4285-B713-9C0A7947BF72}.Release|Mixed Platforms.Build.0 = Release|Any CPU
		{A5BE76D4-EC5F-4285-B713-9C0A7947BF72}.Release|x86.ActiveCfg = Release|Any CPU
		{A5BE76D4-EC5F-4285-B713-9C0A7947BF72}.TestLive|Any CPU.ActiveCfg = Release|Any CPU
		{A5BE76D4-EC5F-4285-B713-9C0A7947BF72}.TestLive|Any CPU.Build.0 = Release|Any CPU
		{A5BE76D4-EC5F-4285-B713-9C0A7947BF72}.TestLive|Mixed Platforms.ActiveCfg = Release|Any CPU
		{A5BE76D4-EC5F-4285-B713-9C0A7947BF72}.TestLive|Mixed Platforms.Build.0 = Release|Any CPU
		{A5BE76D4-EC5F-4285-B713-9C0A7947BF72}.TestLive|x86.ActiveCfg = Release|Any CPU
		{D0973089-76FA-4361-9D10-79DC6E12CA11}.Debug|Any CPU.ActiveCfg = Debug|Any CPU
		{D0973089-76FA-4361-9D10-79DC6E12CA11}.Debug|Any CPU.Build.0 = Debug|Any CPU
		{D0973089-76FA-4361-9D10-79DC6E12CA11}.Debug|Mixed Platforms.ActiveCfg = Debug|Any CPU
		{D0973089-76FA-4361-9D10-79DC6E12CA11}.Debug|Mixed Platforms.Build.0 = Debug|Any CPU
		{D0973089-76FA-4361-9D10-79DC6E12CA11}.Debug|x86.ActiveCfg = Debug|Any CPU
		{D0973089-76FA-4361-9D10-79DC6E12CA11}.Release|Any CPU.ActiveCfg = Release|Any CPU
		{D0973089-76FA-4361-9D10-79DC6E12CA11}.Release|Any CPU.Build.0 = Release|Any CPU
		{D0973089-76FA-4361-9D10-79DC6E12CA11}.Release|Mixed Platforms.ActiveCfg = Release|Any CPU
		{D0973089-76FA-4361-9D10-79DC6E12CA11}.Release|Mixed Platforms.Build.0 = Release|Any CPU
		{D0973089-76FA-4361-9D10-79DC6E12CA11}.Release|x86.ActiveCfg = Release|Any CPU
		{D0973089-76FA-4361-9D10-79DC6E12CA11}.TestLive|Any CPU.ActiveCfg = Release|Any CPU
		{D0973089-76FA-4361-9D10-79DC6E12CA11}.TestLive|Any CPU.Build.0 = Release|Any CPU
		{D0973089-76FA-4361-9D10-79DC6E12CA11}.TestLive|Mixed Platforms.ActiveCfg = Release|Any CPU
		{D0973089-76FA-4361-9D10-79DC6E12CA11}.TestLive|Mixed Platforms.Build.0 = Release|Any CPU
		{D0973089-76FA-4361-9D10-79DC6E12CA11}.TestLive|x86.ActiveCfg = Release|Any CPU
		{032C04FF-5C33-4BE2-AD7F-BED27134C8DF}.Debug|Any CPU.ActiveCfg = Debug|Any CPU
		{032C04FF-5C33-4BE2-AD7F-BED27134C8DF}.Debug|Any CPU.Build.0 = Debug|Any CPU
		{032C04FF-5C33-4BE2-AD7F-BED27134C8DF}.Debug|Mixed Platforms.ActiveCfg = Debug|Any CPU
		{032C04FF-5C33-4BE2-AD7F-BED27134C8DF}.Debug|Mixed Platforms.Build.0 = Debug|Any CPU
		{032C04FF-5C33-4BE2-AD7F-BED27134C8DF}.Debug|x86.ActiveCfg = Debug|Any CPU
		{032C04FF-5C33-4BE2-AD7F-BED27134C8DF}.Release|Any CPU.ActiveCfg = Release|Any CPU
		{032C04FF-5C33-4BE2-AD7F-BED27134C8DF}.Release|Any CPU.Build.0 = Release|Any CPU
		{032C04FF-5C33-4BE2-AD7F-BED27134C8DF}.Release|Mixed Platforms.ActiveCfg = Release|Any CPU
		{032C04FF-5C33-4BE2-AD7F-BED27134C8DF}.Release|Mixed Platforms.Build.0 = Release|Any CPU
		{032C04FF-5C33-4BE2-AD7F-BED27134C8DF}.Release|x86.ActiveCfg = Release|Any CPU
		{032C04FF-5C33-4BE2-AD7F-BED27134C8DF}.TestLive|Any CPU.ActiveCfg = Release|Any CPU
		{032C04FF-5C33-4BE2-AD7F-BED27134C8DF}.TestLive|Any CPU.Build.0 = Release|Any CPU
		{032C04FF-5C33-4BE2-AD7F-BED27134C8DF}.TestLive|Mixed Platforms.ActiveCfg = Release|Any CPU
		{032C04FF-5C33-4BE2-AD7F-BED27134C8DF}.TestLive|Mixed Platforms.Build.0 = Release|Any CPU
		{032C04FF-5C33-4BE2-AD7F-BED27134C8DF}.TestLive|x86.ActiveCfg = Release|Any CPU
		{AE42A29B-0D01-44C8-B824-DCA0471A7860}.Debug|Any CPU.ActiveCfg = Debug|Any CPU
		{AE42A29B-0D01-44C8-B824-DCA0471A7860}.Debug|Any CPU.Build.0 = Debug|Any CPU
		{AE42A29B-0D01-44C8-B824-DCA0471A7860}.Debug|Mixed Platforms.ActiveCfg = Debug|Any CPU
		{AE42A29B-0D01-44C8-B824-DCA0471A7860}.Debug|Mixed Platforms.Build.0 = Debug|Any CPU
		{AE42A29B-0D01-44C8-B824-DCA0471A7860}.Debug|x86.ActiveCfg = Debug|Any CPU
		{AE42A29B-0D01-44C8-B824-DCA0471A7860}.Release|Any CPU.ActiveCfg = Release|Any CPU
		{AE42A29B-0D01-44C8-B824-DCA0471A7860}.Release|Any CPU.Build.0 = Release|Any CPU
		{AE42A29B-0D01-44C8-B824-DCA0471A7860}.Release|Mixed Platforms.ActiveCfg = Release|Any CPU
		{AE42A29B-0D01-44C8-B824-DCA0471A7860}.Release|Mixed Platforms.Build.0 = Release|Any CPU
		{AE42A29B-0D01-44C8-B824-DCA0471A7860}.Release|x86.ActiveCfg = Release|Any CPU
		{AE42A29B-0D01-44C8-B824-DCA0471A7860}.TestLive|Any CPU.ActiveCfg = Release|Any CPU
		{AE42A29B-0D01-44C8-B824-DCA0471A7860}.TestLive|Any CPU.Build.0 = Release|Any CPU
		{AE42A29B-0D01-44C8-B824-DCA0471A7860}.TestLive|Mixed Platforms.ActiveCfg = Release|Any CPU
		{AE42A29B-0D01-44C8-B824-DCA0471A7860}.TestLive|Mixed Platforms.Build.0 = Release|Any CPU
		{AE42A29B-0D01-44C8-B824-DCA0471A7860}.TestLive|x86.ActiveCfg = Release|Any CPU
		{27A8B599-CD12-415A-B20F-4F1E718A1A0B}.Debug|Any CPU.ActiveCfg = Debug|Any CPU
		{27A8B599-CD12-415A-B20F-4F1E718A1A0B}.Debug|Any CPU.Build.0 = Debug|Any CPU
		{27A8B599-CD12-415A-B20F-4F1E718A1A0B}.Debug|Mixed Platforms.ActiveCfg = Debug|Any CPU
		{27A8B599-CD12-415A-B20F-4F1E718A1A0B}.Debug|Mixed Platforms.Build.0 = Debug|Any CPU
		{27A8B599-CD12-415A-B20F-4F1E718A1A0B}.Debug|x86.ActiveCfg = Debug|Any CPU
		{27A8B599-CD12-415A-B20F-4F1E718A1A0B}.Release|Any CPU.ActiveCfg = Release|Any CPU
		{27A8B599-CD12-415A-B20F-4F1E718A1A0B}.Release|Any CPU.Build.0 = Release|Any CPU
		{27A8B599-CD12-415A-B20F-4F1E718A1A0B}.Release|Mixed Platforms.ActiveCfg = Release|Any CPU
		{27A8B599-CD12-415A-B20F-4F1E718A1A0B}.Release|Mixed Platforms.Build.0 = Release|Any CPU
		{27A8B599-CD12-415A-B20F-4F1E718A1A0B}.Release|x86.ActiveCfg = Release|Any CPU
		{27A8B599-CD12-415A-B20F-4F1E718A1A0B}.TestLive|Any CPU.ActiveCfg = Release|Any CPU
		{27A8B599-CD12-415A-B20F-4F1E718A1A0B}.TestLive|Any CPU.Build.0 = Release|Any CPU
		{27A8B599-CD12-415A-B20F-4F1E718A1A0B}.TestLive|Mixed Platforms.ActiveCfg = Release|Any CPU
		{27A8B599-CD12-415A-B20F-4F1E718A1A0B}.TestLive|Mixed Platforms.Build.0 = Release|Any CPU
		{27A8B599-CD12-415A-B20F-4F1E718A1A0B}.TestLive|x86.ActiveCfg = Release|Any CPU
		{44093528-2EC8-4A7A-8032-8BE6DC3E210F}.Debug|Any CPU.ActiveCfg = Debug|Any CPU
		{44093528-2EC8-4A7A-8032-8BE6DC3E210F}.Debug|Any CPU.Build.0 = Debug|Any CPU
		{44093528-2EC8-4A7A-8032-8BE6DC3E210F}.Debug|Mixed Platforms.ActiveCfg = Debug|Any CPU
		{44093528-2EC8-4A7A-8032-8BE6DC3E210F}.Debug|Mixed Platforms.Build.0 = Debug|Any CPU
		{44093528-2EC8-4A7A-8032-8BE6DC3E210F}.Debug|x86.ActiveCfg = Debug|Any CPU
		{44093528-2EC8-4A7A-8032-8BE6DC3E210F}.Release|Any CPU.ActiveCfg = Release|Any CPU
		{44093528-2EC8-4A7A-8032-8BE6DC3E210F}.Release|Any CPU.Build.0 = Release|Any CPU
		{44093528-2EC8-4A7A-8032-8BE6DC3E210F}.Release|Mixed Platforms.ActiveCfg = Release|Any CPU
		{44093528-2EC8-4A7A-8032-8BE6DC3E210F}.Release|Mixed Platforms.Build.0 = Release|Any CPU
		{44093528-2EC8-4A7A-8032-8BE6DC3E210F}.Release|x86.ActiveCfg = Release|Any CPU
		{44093528-2EC8-4A7A-8032-8BE6DC3E210F}.TestLive|Any CPU.ActiveCfg = Release|Any CPU
		{44093528-2EC8-4A7A-8032-8BE6DC3E210F}.TestLive|Any CPU.Build.0 = Release|Any CPU
		{44093528-2EC8-4A7A-8032-8BE6DC3E210F}.TestLive|Mixed Platforms.ActiveCfg = Release|Any CPU
		{44093528-2EC8-4A7A-8032-8BE6DC3E210F}.TestLive|Mixed Platforms.Build.0 = Release|Any CPU
		{44093528-2EC8-4A7A-8032-8BE6DC3E210F}.TestLive|x86.ActiveCfg = Release|Any CPU
		{3AA02169-F848-43AD-8A89-0724FFDEA1EF}.Debug|Any CPU.ActiveCfg = Debug|Any CPU
		{3AA02169-F848-43AD-8A89-0724FFDEA1EF}.Debug|Any CPU.Build.0 = Debug|Any CPU
		{3AA02169-F848-43AD-8A89-0724FFDEA1EF}.Debug|Mixed Platforms.ActiveCfg = Debug|Any CPU
		{3AA02169-F848-43AD-8A89-0724FFDEA1EF}.Debug|Mixed Platforms.Build.0 = Debug|Any CPU
		{3AA02169-F848-43AD-8A89-0724FFDEA1EF}.Debug|x86.ActiveCfg = Debug|Any CPU
		{3AA02169-F848-43AD-8A89-0724FFDEA1EF}.Release|Any CPU.ActiveCfg = Release|Any CPU
		{3AA02169-F848-43AD-8A89-0724FFDEA1EF}.Release|Any CPU.Build.0 = Release|Any CPU
		{3AA02169-F848-43AD-8A89-0724FFDEA1EF}.Release|Mixed Platforms.ActiveCfg = Release|Any CPU
		{3AA02169-F848-43AD-8A89-0724FFDEA1EF}.Release|Mixed Platforms.Build.0 = Release|Any CPU
		{3AA02169-F848-43AD-8A89-0724FFDEA1EF}.Release|x86.ActiveCfg = Release|Any CPU
		{3AA02169-F848-43AD-8A89-0724FFDEA1EF}.TestLive|Any CPU.ActiveCfg = Release|Any CPU
		{3AA02169-F848-43AD-8A89-0724FFDEA1EF}.TestLive|Any CPU.Build.0 = Release|Any CPU
		{3AA02169-F848-43AD-8A89-0724FFDEA1EF}.TestLive|Mixed Platforms.ActiveCfg = Release|Any CPU
		{3AA02169-F848-43AD-8A89-0724FFDEA1EF}.TestLive|Mixed Platforms.Build.0 = Release|Any CPU
		{3AA02169-F848-43AD-8A89-0724FFDEA1EF}.TestLive|x86.ActiveCfg = Release|Any CPU
		{A3855920-6ACE-454B-8DC6-01B6D835215F}.Debug|Any CPU.ActiveCfg = Debug|Any CPU
		{A3855920-6ACE-454B-8DC6-01B6D835215F}.Debug|Any CPU.Build.0 = Debug|Any CPU
		{A3855920-6ACE-454B-8DC6-01B6D835215F}.Debug|Mixed Platforms.ActiveCfg = Debug|Any CPU
		{A3855920-6ACE-454B-8DC6-01B6D835215F}.Debug|Mixed Platforms.Build.0 = Debug|Any CPU
		{A3855920-6ACE-454B-8DC6-01B6D835215F}.Debug|x86.ActiveCfg = Debug|Any CPU
		{A3855920-6ACE-454B-8DC6-01B6D835215F}.Release|Any CPU.ActiveCfg = Release|Any CPU
		{A3855920-6ACE-454B-8DC6-01B6D835215F}.Release|Any CPU.Build.0 = Release|Any CPU
		{A3855920-6ACE-454B-8DC6-01B6D835215F}.Release|Mixed Platforms.ActiveCfg = Release|Any CPU
		{A3855920-6ACE-454B-8DC6-01B6D835215F}.Release|Mixed Platforms.Build.0 = Release|Any CPU
		{A3855920-6ACE-454B-8DC6-01B6D835215F}.Release|x86.ActiveCfg = Release|Any CPU
		{A3855920-6ACE-454B-8DC6-01B6D835215F}.TestLive|Any CPU.ActiveCfg = Release|Any CPU
		{A3855920-6ACE-454B-8DC6-01B6D835215F}.TestLive|Any CPU.Build.0 = Release|Any CPU
		{A3855920-6ACE-454B-8DC6-01B6D835215F}.TestLive|Mixed Platforms.ActiveCfg = Release|Any CPU
		{A3855920-6ACE-454B-8DC6-01B6D835215F}.TestLive|Mixed Platforms.Build.0 = Release|Any CPU
		{A3855920-6ACE-454B-8DC6-01B6D835215F}.TestLive|x86.ActiveCfg = Release|Any CPU
		{3082C9E0-DEFF-4B86-975A-0AE88AF51377}.Debug|Any CPU.ActiveCfg = Debug|Any CPU
		{3082C9E0-DEFF-4B86-975A-0AE88AF51377}.Debug|Any CPU.Build.0 = Debug|Any CPU
		{3082C9E0-DEFF-4B86-975A-0AE88AF51377}.Debug|Mixed Platforms.ActiveCfg = Debug|Any CPU
		{3082C9E0-DEFF-4B86-975A-0AE88AF51377}.Debug|Mixed Platforms.Build.0 = Debug|Any CPU
		{3082C9E0-DEFF-4B86-975A-0AE88AF51377}.Debug|x86.ActiveCfg = Debug|Any CPU
		{3082C9E0-DEFF-4B86-975A-0AE88AF51377}.Release|Any CPU.ActiveCfg = Release|Any CPU
		{3082C9E0-DEFF-4B86-975A-0AE88AF51377}.Release|Any CPU.Build.0 = Release|Any CPU
		{3082C9E0-DEFF-4B86-975A-0AE88AF51377}.Release|Mixed Platforms.ActiveCfg = Release|Any CPU
		{3082C9E0-DEFF-4B86-975A-0AE88AF51377}.Release|Mixed Platforms.Build.0 = Release|Any CPU
		{3082C9E0-DEFF-4B86-975A-0AE88AF51377}.Release|x86.ActiveCfg = Release|Any CPU
		{3082C9E0-DEFF-4B86-975A-0AE88AF51377}.TestLive|Any CPU.ActiveCfg = Release|Any CPU
		{3082C9E0-DEFF-4B86-975A-0AE88AF51377}.TestLive|Any CPU.Build.0 = Release|Any CPU
		{3082C9E0-DEFF-4B86-975A-0AE88AF51377}.TestLive|Mixed Platforms.ActiveCfg = Release|Any CPU
		{3082C9E0-DEFF-4B86-975A-0AE88AF51377}.TestLive|Mixed Platforms.Build.0 = Release|Any CPU
		{3082C9E0-DEFF-4B86-975A-0AE88AF51377}.TestLive|x86.ActiveCfg = Release|Any CPU
		{197A08CD-9ED4-4815-A370-0667197A1DAF}.Debug|Any CPU.ActiveCfg = Debug|Any CPU
		{197A08CD-9ED4-4815-A370-0667197A1DAF}.Debug|Any CPU.Build.0 = Debug|Any CPU
		{197A08CD-9ED4-4815-A370-0667197A1DAF}.Debug|Mixed Platforms.ActiveCfg = Debug|Any CPU
		{197A08CD-9ED4-4815-A370-0667197A1DAF}.Debug|Mixed Platforms.Build.0 = Debug|Any CPU
		{197A08CD-9ED4-4815-A370-0667197A1DAF}.Debug|x86.ActiveCfg = Debug|Any CPU
		{197A08CD-9ED4-4815-A370-0667197A1DAF}.Release|Any CPU.ActiveCfg = Release|Any CPU
		{197A08CD-9ED4-4815-A370-0667197A1DAF}.Release|Any CPU.Build.0 = Release|Any CPU
		{197A08CD-9ED4-4815-A370-0667197A1DAF}.Release|Mixed Platforms.ActiveCfg = Release|Any CPU
		{197A08CD-9ED4-4815-A370-0667197A1DAF}.Release|Mixed Platforms.Build.0 = Release|Any CPU
		{197A08CD-9ED4-4815-A370-0667197A1DAF}.Release|x86.ActiveCfg = Release|Any CPU
		{197A08CD-9ED4-4815-A370-0667197A1DAF}.TestLive|Any CPU.ActiveCfg = Release|Any CPU
		{197A08CD-9ED4-4815-A370-0667197A1DAF}.TestLive|Any CPU.Build.0 = Release|Any CPU
		{197A08CD-9ED4-4815-A370-0667197A1DAF}.TestLive|Mixed Platforms.ActiveCfg = Release|Any CPU
		{197A08CD-9ED4-4815-A370-0667197A1DAF}.TestLive|Mixed Platforms.Build.0 = Release|Any CPU
		{197A08CD-9ED4-4815-A370-0667197A1DAF}.TestLive|x86.ActiveCfg = Release|Any CPU
		{473A461C-A3EF-49A1-B4EF-0FDBE2304717}.Debug|Any CPU.ActiveCfg = Debug|Any CPU
		{473A461C-A3EF-49A1-B4EF-0FDBE2304717}.Debug|Any CPU.Build.0 = Debug|Any CPU
		{473A461C-A3EF-49A1-B4EF-0FDBE2304717}.Debug|Mixed Platforms.ActiveCfg = Debug|Any CPU
		{473A461C-A3EF-49A1-B4EF-0FDBE2304717}.Debug|Mixed Platforms.Build.0 = Debug|Any CPU
		{473A461C-A3EF-49A1-B4EF-0FDBE2304717}.Debug|x86.ActiveCfg = Debug|Any CPU
		{473A461C-A3EF-49A1-B4EF-0FDBE2304717}.Release|Any CPU.ActiveCfg = Release|Any CPU
		{473A461C-A3EF-49A1-B4EF-0FDBE2304717}.Release|Any CPU.Build.0 = Release|Any CPU
		{473A461C-A3EF-49A1-B4EF-0FDBE2304717}.Release|Mixed Platforms.ActiveCfg = Release|Any CPU
		{473A461C-A3EF-49A1-B4EF-0FDBE2304717}.Release|Mixed Platforms.Build.0 = Release|Any CPU
		{473A461C-A3EF-49A1-B4EF-0FDBE2304717}.Release|x86.ActiveCfg = Release|Any CPU
		{473A461C-A3EF-49A1-B4EF-0FDBE2304717}.TestLive|Any CPU.ActiveCfg = Release|Any CPU
		{473A461C-A3EF-49A1-B4EF-0FDBE2304717}.TestLive|Any CPU.Build.0 = Release|Any CPU
		{473A461C-A3EF-49A1-B4EF-0FDBE2304717}.TestLive|Mixed Platforms.ActiveCfg = Release|Any CPU
		{473A461C-A3EF-49A1-B4EF-0FDBE2304717}.TestLive|Mixed Platforms.Build.0 = Release|Any CPU
		{473A461C-A3EF-49A1-B4EF-0FDBE2304717}.TestLive|x86.ActiveCfg = Release|Any CPU
		{48BED84D-B03C-4708-BF68-21BD4922A51C}.Debug|Any CPU.ActiveCfg = Debug|Any CPU
		{48BED84D-B03C-4708-BF68-21BD4922A51C}.Debug|Any CPU.Build.0 = Debug|Any CPU
		{48BED84D-B03C-4708-BF68-21BD4922A51C}.Debug|Mixed Platforms.ActiveCfg = Debug|Any CPU
		{48BED84D-B03C-4708-BF68-21BD4922A51C}.Debug|Mixed Platforms.Build.0 = Debug|Any CPU
		{48BED84D-B03C-4708-BF68-21BD4922A51C}.Debug|x86.ActiveCfg = Debug|Any CPU
		{48BED84D-B03C-4708-BF68-21BD4922A51C}.Release|Any CPU.ActiveCfg = Release|Any CPU
		{48BED84D-B03C-4708-BF68-21BD4922A51C}.Release|Any CPU.Build.0 = Release|Any CPU
		{48BED84D-B03C-4708-BF68-21BD4922A51C}.Release|Mixed Platforms.ActiveCfg = Release|Any CPU
		{48BED84D-B03C-4708-BF68-21BD4922A51C}.Release|Mixed Platforms.Build.0 = Release|Any CPU
		{48BED84D-B03C-4708-BF68-21BD4922A51C}.Release|x86.ActiveCfg = Release|Any CPU
		{48BED84D-B03C-4708-BF68-21BD4922A51C}.TestLive|Any CPU.ActiveCfg = Release|Any CPU
		{48BED84D-B03C-4708-BF68-21BD4922A51C}.TestLive|Any CPU.Build.0 = Release|Any CPU
		{48BED84D-B03C-4708-BF68-21BD4922A51C}.TestLive|Mixed Platforms.ActiveCfg = Release|Any CPU
		{48BED84D-B03C-4708-BF68-21BD4922A51C}.TestLive|Mixed Platforms.Build.0 = Release|Any CPU
		{48BED84D-B03C-4708-BF68-21BD4922A51C}.TestLive|x86.ActiveCfg = Release|Any CPU
		{64D407D1-1119-42A6-86F2-A98A31FDB3B2}.Debug|Any CPU.ActiveCfg = Debug|Any CPU
		{64D407D1-1119-42A6-86F2-A98A31FDB3B2}.Debug|Any CPU.Build.0 = Debug|Any CPU
		{64D407D1-1119-42A6-86F2-A98A31FDB3B2}.Debug|Mixed Platforms.ActiveCfg = Debug|Any CPU
		{64D407D1-1119-42A6-86F2-A98A31FDB3B2}.Debug|Mixed Platforms.Build.0 = Debug|Any CPU
		{64D407D1-1119-42A6-86F2-A98A31FDB3B2}.Debug|x86.ActiveCfg = Debug|Any CPU
		{64D407D1-1119-42A6-86F2-A98A31FDB3B2}.Release|Any CPU.ActiveCfg = Release|Any CPU
		{64D407D1-1119-42A6-86F2-A98A31FDB3B2}.Release|Any CPU.Build.0 = Release|Any CPU
		{64D407D1-1119-42A6-86F2-A98A31FDB3B2}.Release|Mixed Platforms.ActiveCfg = Release|Any CPU
		{64D407D1-1119-42A6-86F2-A98A31FDB3B2}.Release|Mixed Platforms.Build.0 = Release|Any CPU
		{64D407D1-1119-42A6-86F2-A98A31FDB3B2}.Release|x86.ActiveCfg = Release|Any CPU
		{64D407D1-1119-42A6-86F2-A98A31FDB3B2}.TestLive|Any CPU.ActiveCfg = Release|Any CPU
		{64D407D1-1119-42A6-86F2-A98A31FDB3B2}.TestLive|Any CPU.Build.0 = Release|Any CPU
		{64D407D1-1119-42A6-86F2-A98A31FDB3B2}.TestLive|Mixed Platforms.ActiveCfg = Release|Any CPU
		{64D407D1-1119-42A6-86F2-A98A31FDB3B2}.TestLive|Mixed Platforms.Build.0 = Release|Any CPU
		{64D407D1-1119-42A6-86F2-A98A31FDB3B2}.TestLive|x86.ActiveCfg = Release|Any CPU
		{44296C72-756A-4304-B975-660C80F8D2ED}.Debug|Any CPU.ActiveCfg = Debug|Any CPU
		{44296C72-756A-4304-B975-660C80F8D2ED}.Debug|Any CPU.Build.0 = Debug|Any CPU
		{44296C72-756A-4304-B975-660C80F8D2ED}.Debug|Mixed Platforms.ActiveCfg = Debug|Any CPU
		{44296C72-756A-4304-B975-660C80F8D2ED}.Debug|Mixed Platforms.Build.0 = Debug|Any CPU
		{44296C72-756A-4304-B975-660C80F8D2ED}.Debug|x86.ActiveCfg = Debug|Any CPU
		{44296C72-756A-4304-B975-660C80F8D2ED}.Release|Any CPU.ActiveCfg = Release|Any CPU
		{44296C72-756A-4304-B975-660C80F8D2ED}.Release|Any CPU.Build.0 = Release|Any CPU
		{44296C72-756A-4304-B975-660C80F8D2ED}.Release|Mixed Platforms.ActiveCfg = Release|Any CPU
		{44296C72-756A-4304-B975-660C80F8D2ED}.Release|Mixed Platforms.Build.0 = Release|Any CPU
		{44296C72-756A-4304-B975-660C80F8D2ED}.Release|x86.ActiveCfg = Release|Any CPU
		{44296C72-756A-4304-B975-660C80F8D2ED}.TestLive|Any CPU.ActiveCfg = Release|Any CPU
		{44296C72-756A-4304-B975-660C80F8D2ED}.TestLive|Any CPU.Build.0 = Release|Any CPU
		{44296C72-756A-4304-B975-660C80F8D2ED}.TestLive|Mixed Platforms.ActiveCfg = Release|Any CPU
		{44296C72-756A-4304-B975-660C80F8D2ED}.TestLive|Mixed Platforms.Build.0 = Release|Any CPU
		{44296C72-756A-4304-B975-660C80F8D2ED}.TestLive|x86.ActiveCfg = Release|Any CPU
		{74DFF71C-67D4-4AFC-9688-766EB32AD4F6}.Debug|Any CPU.ActiveCfg = Debug|Any CPU
		{74DFF71C-67D4-4AFC-9688-766EB32AD4F6}.Debug|Any CPU.Build.0 = Debug|Any CPU
		{74DFF71C-67D4-4AFC-9688-766EB32AD4F6}.Debug|Mixed Platforms.ActiveCfg = Debug|Any CPU
		{74DFF71C-67D4-4AFC-9688-766EB32AD4F6}.Debug|Mixed Platforms.Build.0 = Debug|Any CPU
		{74DFF71C-67D4-4AFC-9688-766EB32AD4F6}.Debug|x86.ActiveCfg = Debug|Any CPU
		{74DFF71C-67D4-4AFC-9688-766EB32AD4F6}.Release|Any CPU.ActiveCfg = Release|Any CPU
		{74DFF71C-67D4-4AFC-9688-766EB32AD4F6}.Release|Any CPU.Build.0 = Release|Any CPU
		{74DFF71C-67D4-4AFC-9688-766EB32AD4F6}.Release|Mixed Platforms.ActiveCfg = Release|Any CPU
		{74DFF71C-67D4-4AFC-9688-766EB32AD4F6}.Release|Mixed Platforms.Build.0 = Release|Any CPU
		{74DFF71C-67D4-4AFC-9688-766EB32AD4F6}.Release|x86.ActiveCfg = Release|Any CPU
		{74DFF71C-67D4-4AFC-9688-766EB32AD4F6}.TestLive|Any CPU.ActiveCfg = Release|Any CPU
		{74DFF71C-67D4-4AFC-9688-766EB32AD4F6}.TestLive|Any CPU.Build.0 = Release|Any CPU
		{74DFF71C-67D4-4AFC-9688-766EB32AD4F6}.TestLive|Mixed Platforms.ActiveCfg = Release|Any CPU
		{74DFF71C-67D4-4AFC-9688-766EB32AD4F6}.TestLive|Mixed Platforms.Build.0 = Release|Any CPU
		{74DFF71C-67D4-4AFC-9688-766EB32AD4F6}.TestLive|x86.ActiveCfg = Release|Any CPU
		{47E11091-F60C-4263-90B4-B4107A27057F}.Debug|Any CPU.ActiveCfg = Debug|Any CPU
		{47E11091-F60C-4263-90B4-B4107A27057F}.Debug|Any CPU.Build.0 = Debug|Any CPU
		{47E11091-F60C-4263-90B4-B4107A27057F}.Debug|Mixed Platforms.ActiveCfg = Debug|Any CPU
		{47E11091-F60C-4263-90B4-B4107A27057F}.Debug|Mixed Platforms.Build.0 = Debug|Any CPU
		{47E11091-F60C-4263-90B4-B4107A27057F}.Debug|x86.ActiveCfg = Debug|Any CPU
		{47E11091-F60C-4263-90B4-B4107A27057F}.Release|Any CPU.ActiveCfg = Release|Any CPU
		{47E11091-F60C-4263-90B4-B4107A27057F}.Release|Any CPU.Build.0 = Release|Any CPU
		{47E11091-F60C-4263-90B4-B4107A27057F}.Release|Mixed Platforms.ActiveCfg = Release|Any CPU
		{47E11091-F60C-4263-90B4-B4107A27057F}.Release|Mixed Platforms.Build.0 = Release|Any CPU
		{47E11091-F60C-4263-90B4-B4107A27057F}.Release|x86.ActiveCfg = Release|Any CPU
		{47E11091-F60C-4263-90B4-B4107A27057F}.TestLive|Any CPU.ActiveCfg = Release|Any CPU
		{47E11091-F60C-4263-90B4-B4107A27057F}.TestLive|Any CPU.Build.0 = Release|Any CPU
		{47E11091-F60C-4263-90B4-B4107A27057F}.TestLive|Mixed Platforms.ActiveCfg = Release|Any CPU
		{47E11091-F60C-4263-90B4-B4107A27057F}.TestLive|Mixed Platforms.Build.0 = Release|Any CPU
		{47E11091-F60C-4263-90B4-B4107A27057F}.TestLive|x86.ActiveCfg = Release|Any CPU
		{50FDAD8F-01C6-4B41-9547-8E212BBEB9B4}.Debug|Any CPU.ActiveCfg = Debug|Any CPU
		{50FDAD8F-01C6-4B41-9547-8E212BBEB9B4}.Debug|Any CPU.Build.0 = Debug|Any CPU
		{50FDAD8F-01C6-4B41-9547-8E212BBEB9B4}.Debug|Mixed Platforms.ActiveCfg = Debug|Any CPU
		{50FDAD8F-01C6-4B41-9547-8E212BBEB9B4}.Debug|Mixed Platforms.Build.0 = Debug|Any CPU
		{50FDAD8F-01C6-4B41-9547-8E212BBEB9B4}.Debug|x86.ActiveCfg = Debug|Any CPU
		{50FDAD8F-01C6-4B41-9547-8E212BBEB9B4}.Release|Any CPU.ActiveCfg = Release|Any CPU
		{50FDAD8F-01C6-4B41-9547-8E212BBEB9B4}.Release|Any CPU.Build.0 = Release|Any CPU
		{50FDAD8F-01C6-4B41-9547-8E212BBEB9B4}.Release|Mixed Platforms.ActiveCfg = Release|Any CPU
		{50FDAD8F-01C6-4B41-9547-8E212BBEB9B4}.Release|Mixed Platforms.Build.0 = Release|Any CPU
		{50FDAD8F-01C6-4B41-9547-8E212BBEB9B4}.Release|x86.ActiveCfg = Release|Any CPU
		{50FDAD8F-01C6-4B41-9547-8E212BBEB9B4}.TestLive|Any CPU.ActiveCfg = Release|Any CPU
		{50FDAD8F-01C6-4B41-9547-8E212BBEB9B4}.TestLive|Any CPU.Build.0 = Release|Any CPU
		{50FDAD8F-01C6-4B41-9547-8E212BBEB9B4}.TestLive|Mixed Platforms.ActiveCfg = Release|Any CPU
		{50FDAD8F-01C6-4B41-9547-8E212BBEB9B4}.TestLive|Mixed Platforms.Build.0 = Release|Any CPU
		{50FDAD8F-01C6-4B41-9547-8E212BBEB9B4}.TestLive|x86.ActiveCfg = Release|Any CPU
	EndGlobalSection
	GlobalSection(SolutionProperties) = preSolution
		HideSolutionNode = FALSE
	EndGlobalSection
	GlobalSection(NestedProjects) = preSolution
		{4BEDA595-7768-440E-9AF0-C0D505AEAF79} = {4BD5D67A-321B-4D91-990E-6BE36655AB2B}
		{559E3E1E-E924-40C8-935F-8D931A0D655F} = {4BD5D67A-321B-4D91-990E-6BE36655AB2B}
		{032C04FF-5C33-4BE2-AD7F-BED27134C8DF} = {4BD5D67A-321B-4D91-990E-6BE36655AB2B}
		{AE42A29B-0D01-44C8-B824-DCA0471A7860} = {4BD5D67A-321B-4D91-990E-6BE36655AB2B}
		{27A8B599-CD12-415A-B20F-4F1E718A1A0B} = {4BD5D67A-321B-4D91-990E-6BE36655AB2B}
		{44093528-2EC8-4A7A-8032-8BE6DC3E210F} = {4BD5D67A-321B-4D91-990E-6BE36655AB2B}
		{10646A39-62B0-45F4-9D1C-46252B174541} = {4BD5D67A-321B-4D91-990E-6BE36655AB2B}
		{A3855920-6ACE-454B-8DC6-01B6D835215F} = {4BD5D67A-321B-4D91-990E-6BE36655AB2B}
		{473A461C-A3EF-49A1-B4EF-0FDBE2304717} = {AE0FE0DB-691A-46B6-A792-E9FC6AC1E47D}
		{48BED84D-B03C-4708-BF68-21BD4922A51C} = {AE0FE0DB-691A-46B6-A792-E9FC6AC1E47D}
		{64D407D1-1119-42A6-86F2-A98A31FDB3B2} = {AE0FE0DB-691A-46B6-A792-E9FC6AC1E47D}
		{44296C72-756A-4304-B975-660C80F8D2ED} = {AE0FE0DB-691A-46B6-A792-E9FC6AC1E47D}
		{74DFF71C-67D4-4AFC-9688-766EB32AD4F6} = {AE0FE0DB-691A-46B6-A792-E9FC6AC1E47D}
		{47E11091-F60C-4263-90B4-B4107A27057F} = {AE0FE0DB-691A-46B6-A792-E9FC6AC1E47D}
		{50FDAD8F-01C6-4B41-9547-8E212BBEB9B4} = {AE0FE0DB-691A-46B6-A792-E9FC6AC1E47D}
		{3082C9E0-DEFF-4B86-975A-0AE88AF51377} = {4BEDA595-7768-440E-9AF0-C0D505AEAF79}
		{197A08CD-9ED4-4815-A370-0667197A1DAF} = {4BEDA595-7768-440E-9AF0-C0D505AEAF79}
		{A5BE76D4-EC5F-4285-B713-9C0A7947BF72} = {559E3E1E-E924-40C8-935F-8D931A0D655F}
		{D0973089-76FA-4361-9D10-79DC6E12CA11} = {559E3E1E-E924-40C8-935F-8D931A0D655F}
		{D19C48C3-3AF0-4323-8479-0C4F21EAB104} = {559E3E1E-E924-40C8-935F-8D931A0D655F}
		{3AA02169-F848-43AD-8A89-0724FFDEA1EF} = {10646A39-62B0-45F4-9D1C-46252B174541}
	EndGlobalSection
EndGlobal
