
Microsoft Visual Studio Solution File, Format Version 12.00
# Visual Studio 2013
VisualStudioVersion = 12.0.21005.1
MinimumVisualStudioVersion = 10.0.40219.1
Project("{FAE04EC0-301F-11D3-BF4B-00C04F79EFBC}") = "BluffinPokerClient_2013", "BluffinPokerClient\BluffinPokerClient_2013.csproj", "{FA07B2F8-2A39-44D1-AADE-29916C1185CD}"
EndProject
Project("{FAE04EC0-301F-11D3-BF4B-00C04F79EFBC}") = "BluffinPokerGui_2013", "BluffinPokerGui\BluffinPokerGui_2013.csproj", "{473CC9C5-13CC-46E7-B3D0-B4AF4B24FD67}"
EndProject
Project("{FAE04EC0-301F-11D3-BF4B-00C04F79EFBC}") = "BluffinPokerServer_2013", "BluffinPokerServer\BluffinPokerServer_2013.csproj", "{C4AED52C-F09D-487F-8D58-E54087909959}"
EndProject
Project("{FAE04EC0-301F-11D3-BF4B-00C04F79EFBC}") = "PokerWorld_2013", "PokerWorld\PokerWorld_2013.csproj", "{FBAA74EB-22CE-4C30-9D10-0214B605578A}"
EndProject
Project("{FAE04EC0-301F-11D3-BF4B-00C04F79EFBC}") = "EricUtility_2013", "EricUtility\EricUtility_2013.csproj", "{E88C4AEF-1B0B-45C0-A08D-CBCDA35C1E62}"
EndProject
Project("{FAE04EC0-301F-11D3-BF4B-00C04F79EFBC}") = "EricUtilityCollections_2013", "EricUtilityCollections\EricUtilityCollections_2013.csproj", "{E6120916-9399-4BF5-8F95-19D79DF74067}"
EndProject
Project("{FAE04EC0-301F-11D3-BF4B-00C04F79EFBC}") = "EricUtilityGames_2013", "EricUtilityGames\EricUtilityGames_2013.csproj", "{3177997F-D216-4B02-855B-9BDE6406D51F}"
EndProject
Project("{FAE04EC0-301F-11D3-BF4B-00C04F79EFBC}") = "EricUtilityGamesWinForms_2013", "EricUtilityGamesWinForms\EricUtilityGamesWinForms_2013.csproj", "{F6CEBA42-0FAF-42E8-9A16-55A42D861EA6}"
EndProject
Project("{FAE04EC0-301F-11D3-BF4B-00C04F79EFBC}") = "EricUtilityNetworking_2013", "EricUtilityNetworking\EricUtilityNetworking_2013.csproj", "{980F8DE9-2F6E-4A96-849D-23754B364271}"
EndProject
Project("{FAE04EC0-301F-11D3-BF4B-00C04F79EFBC}") = "EricUtilityWinForms_2013", "EricUtilityWinForms\EricUtilityWinForms_2013.csproj", "{ABF7D9DE-3646-4737-8EFC-5C3D5FD1CFA5}"
EndProject
Project("{FAE04EC0-301F-11D3-BF4B-00C04F79EFBC}") = "Test.PokerWorld_2013", "Test.PokerWorld_2013\Test.PokerWorld_2013.csproj", "{01760FEE-3AFB-486B-897D-765081C43F8B}"
EndProject
Project("{2150E333-8FDC-42A3-9474-1A3956D46DE8}") = "BluffinMuffin", "BluffinMuffin", "{4BEDA595-7768-440E-9AF0-C0D505AEAF79}"
EndProject
Project("{2150E333-8FDC-42A3-9474-1A3956D46DE8}") = "EricUtility", "EricUtility", "{AE0FE0DB-691A-46B6-A792-E9FC6AC1E47D}"
EndProject
Project("{2150E333-8FDC-42A3-9474-1A3956D46DE8}") = "Poker", "Poker", "{4BD5D67A-321B-4D91-990E-6BE36655AB2B}"
EndProject
Project("{FAE04EC0-301F-11D3-BF4B-00C04F79EFBC}") = "Com.Ericmas001.Game.Poker.Protocol.Commands", "Com.Ericmas001.Game.Poker.Protocol.Commands\Com.Ericmas001.Game.Poker.Protocol.Commands.csproj", "{D19C48C3-3AF0-4323-8479-0C4F21EAB104}"
EndProject
Project("{FAE04EC0-301F-11D3-BF4B-00C04F79EFBC}") = "Com.Ericmas001.Game.Poker.Protocol.Client", "Com.Ericmas001.Game.Poker.Protocol.Client\Com.Ericmas001.Game.Poker.Protocol.Client.csproj", "{A5BE76D4-EC5F-4285-B713-9C0A7947BF72}"
EndProject
Project("{FAE04EC0-301F-11D3-BF4B-00C04F79EFBC}") = "Com.Ericmas001.Game.Poker.Protocol.Server", "Com.Ericmas001.Game.Poker.Protocol.Server\Com.Ericmas001.Game.Poker.Protocol.Server.csproj", "{D0973089-76FA-4361-9D10-79DC6E12CA11}"
EndProject
Global
	GlobalSection(SolutionConfigurationPlatforms) = preSolution
		Debug|Any CPU = Debug|Any CPU
		Debug|Mixed Platforms = Debug|Mixed Platforms
		Debug|x86 = Debug|x86
		Release|Any CPU = Release|Any CPU
		Release|Mixed Platforms = Release|Mixed Platforms
		Release|x86 = Release|x86
		TestLive|Any CPU = TestLive|Any CPU
		TestLive|Mixed Platforms = TestLive|Mixed Platforms
		TestLive|x86 = TestLive|x86
	EndGlobalSection
	GlobalSection(ProjectConfigurationPlatforms) = postSolution
		{FA07B2F8-2A39-44D1-AADE-29916C1185CD}.Debug|Any CPU.ActiveCfg = Debug|x86
		{FA07B2F8-2A39-44D1-AADE-29916C1185CD}.Debug|Mixed Platforms.ActiveCfg = Debug|x86
		{FA07B2F8-2A39-44D1-AADE-29916C1185CD}.Debug|Mixed Platforms.Build.0 = Debug|x86
		{FA07B2F8-2A39-44D1-AADE-29916C1185CD}.Debug|x86.ActiveCfg = Debug|x86
		{FA07B2F8-2A39-44D1-AADE-29916C1185CD}.Debug|x86.Build.0 = Debug|x86
		{FA07B2F8-2A39-44D1-AADE-29916C1185CD}.Release|Any CPU.ActiveCfg = Release|x86
		{FA07B2F8-2A39-44D1-AADE-29916C1185CD}.Release|Mixed Platforms.ActiveCfg = Release|x86
		{FA07B2F8-2A39-44D1-AADE-29916C1185CD}.Release|Mixed Platforms.Build.0 = Release|x86
		{FA07B2F8-2A39-44D1-AADE-29916C1185CD}.Release|x86.ActiveCfg = Release|x86
		{FA07B2F8-2A39-44D1-AADE-29916C1185CD}.Release|x86.Build.0 = Release|x86
		{FA07B2F8-2A39-44D1-AADE-29916C1185CD}.TestLive|Any CPU.ActiveCfg = Release|x86
		{FA07B2F8-2A39-44D1-AADE-29916C1185CD}.TestLive|Mixed Platforms.ActiveCfg = Release|x86
		{FA07B2F8-2A39-44D1-AADE-29916C1185CD}.TestLive|Mixed Platforms.Build.0 = Release|x86
		{FA07B2F8-2A39-44D1-AADE-29916C1185CD}.TestLive|x86.ActiveCfg = Release|x86
		{FA07B2F8-2A39-44D1-AADE-29916C1185CD}.TestLive|x86.Build.0 = Release|x86
		{473CC9C5-13CC-46E7-B3D0-B4AF4B24FD67}.Debug|Any CPU.ActiveCfg = Debug|Any CPU
		{473CC9C5-13CC-46E7-B3D0-B4AF4B24FD67}.Debug|Any CPU.Build.0 = Debug|Any CPU
		{473CC9C5-13CC-46E7-B3D0-B4AF4B24FD67}.Debug|Mixed Platforms.ActiveCfg = Debug|Any CPU
		{473CC9C5-13CC-46E7-B3D0-B4AF4B24FD67}.Debug|Mixed Platforms.Build.0 = Debug|Any CPU
		{473CC9C5-13CC-46E7-B3D0-B4AF4B24FD67}.Debug|x86.ActiveCfg = Debug|Any CPU
		{473CC9C5-13CC-46E7-B3D0-B4AF4B24FD67}.Release|Any CPU.ActiveCfg = Release|Any CPU
		{473CC9C5-13CC-46E7-B3D0-B4AF4B24FD67}.Release|Any CPU.Build.0 = Release|Any CPU
		{473CC9C5-13CC-46E7-B3D0-B4AF4B24FD67}.Release|Mixed Platforms.ActiveCfg = Release|Any CPU
		{473CC9C5-13CC-46E7-B3D0-B4AF4B24FD67}.Release|Mixed Platforms.Build.0 = Release|Any CPU
		{473CC9C5-13CC-46E7-B3D0-B4AF4B24FD67}.Release|x86.ActiveCfg = Release|Any CPU
		{473CC9C5-13CC-46E7-B3D0-B4AF4B24FD67}.TestLive|Any CPU.ActiveCfg = Release|Any CPU
		{473CC9C5-13CC-46E7-B3D0-B4AF4B24FD67}.TestLive|Any CPU.Build.0 = Release|Any CPU
		{473CC9C5-13CC-46E7-B3D0-B4AF4B24FD67}.TestLive|Mixed Platforms.ActiveCfg = Release|Any CPU
		{473CC9C5-13CC-46E7-B3D0-B4AF4B24FD67}.TestLive|Mixed Platforms.Build.0 = Release|Any CPU
		{473CC9C5-13CC-46E7-B3D0-B4AF4B24FD67}.TestLive|x86.ActiveCfg = Release|Any CPU
		{C4AED52C-F09D-487F-8D58-E54087909959}.Debug|Any CPU.ActiveCfg = Debug|x86
		{C4AED52C-F09D-487F-8D58-E54087909959}.Debug|Mixed Platforms.ActiveCfg = Debug|x86
		{C4AED52C-F09D-487F-8D58-E54087909959}.Debug|Mixed Platforms.Build.0 = Debug|x86
		{C4AED52C-F09D-487F-8D58-E54087909959}.Debug|x86.ActiveCfg = Debug|x86
		{C4AED52C-F09D-487F-8D58-E54087909959}.Debug|x86.Build.0 = Debug|x86
		{C4AED52C-F09D-487F-8D58-E54087909959}.Release|Any CPU.ActiveCfg = Release|x86
		{C4AED52C-F09D-487F-8D58-E54087909959}.Release|Mixed Platforms.ActiveCfg = Release|x86
		{C4AED52C-F09D-487F-8D58-E54087909959}.Release|Mixed Platforms.Build.0 = Release|x86
		{C4AED52C-F09D-487F-8D58-E54087909959}.Release|x86.ActiveCfg = Release|x86
		{C4AED52C-F09D-487F-8D58-E54087909959}.Release|x86.Build.0 = Release|x86
		{C4AED52C-F09D-487F-8D58-E54087909959}.TestLive|Any CPU.ActiveCfg = Release|x86
		{C4AED52C-F09D-487F-8D58-E54087909959}.TestLive|Mixed Platforms.ActiveCfg = Release|x86
		{C4AED52C-F09D-487F-8D58-E54087909959}.TestLive|Mixed Platforms.Build.0 = Release|x86
		{C4AED52C-F09D-487F-8D58-E54087909959}.TestLive|x86.ActiveCfg = Release|x86
		{C4AED52C-F09D-487F-8D58-E54087909959}.TestLive|x86.Build.0 = Release|x86
		{FBAA74EB-22CE-4C30-9D10-0214B605578A}.Debug|Any CPU.ActiveCfg = Debug|Any CPU
		{FBAA74EB-22CE-4C30-9D10-0214B605578A}.Debug|Any CPU.Build.0 = Debug|Any CPU
		{FBAA74EB-22CE-4C30-9D10-0214B605578A}.Debug|Mixed Platforms.ActiveCfg = Debug|Any CPU
		{FBAA74EB-22CE-4C30-9D10-0214B605578A}.Debug|Mixed Platforms.Build.0 = Debug|Any CPU
		{FBAA74EB-22CE-4C30-9D10-0214B605578A}.Debug|x86.ActiveCfg = Debug|Any CPU
		{FBAA74EB-22CE-4C30-9D10-0214B605578A}.Release|Any CPU.ActiveCfg = Release|Any CPU
		{FBAA74EB-22CE-4C30-9D10-0214B605578A}.Release|Any CPU.Build.0 = Release|Any CPU
		{FBAA74EB-22CE-4C30-9D10-0214B605578A}.Release|Mixed Platforms.ActiveCfg = Release|Any CPU
		{FBAA74EB-22CE-4C30-9D10-0214B605578A}.Release|Mixed Platforms.Build.0 = Release|Any CPU
		{FBAA74EB-22CE-4C30-9D10-0214B605578A}.Release|x86.ActiveCfg = Release|Any CPU
		{FBAA74EB-22CE-4C30-9D10-0214B605578A}.TestLive|Any CPU.ActiveCfg = Release|Any CPU
		{FBAA74EB-22CE-4C30-9D10-0214B605578A}.TestLive|Any CPU.Build.0 = Release|Any CPU
		{FBAA74EB-22CE-4C30-9D10-0214B605578A}.TestLive|Mixed Platforms.ActiveCfg = Release|Any CPU
		{FBAA74EB-22CE-4C30-9D10-0214B605578A}.TestLive|Mixed Platforms.Build.0 = Release|Any CPU
		{FBAA74EB-22CE-4C30-9D10-0214B605578A}.TestLive|x86.ActiveCfg = Release|Any CPU
		{E88C4AEF-1B0B-45C0-A08D-CBCDA35C1E62}.Debug|Any CPU.ActiveCfg = Debug|Any CPU
		{E88C4AEF-1B0B-45C0-A08D-CBCDA35C1E62}.Debug|Any CPU.Build.0 = Debug|Any CPU
		{E88C4AEF-1B0B-45C0-A08D-CBCDA35C1E62}.Debug|Mixed Platforms.ActiveCfg = Debug|Any CPU
		{E88C4AEF-1B0B-45C0-A08D-CBCDA35C1E62}.Debug|Mixed Platforms.Build.0 = Debug|Any CPU
		{E88C4AEF-1B0B-45C0-A08D-CBCDA35C1E62}.Debug|x86.ActiveCfg = Debug|Any CPU
		{E88C4AEF-1B0B-45C0-A08D-CBCDA35C1E62}.Release|Any CPU.ActiveCfg = Release|Any CPU
		{E88C4AEF-1B0B-45C0-A08D-CBCDA35C1E62}.Release|Any CPU.Build.0 = Release|Any CPU
		{E88C4AEF-1B0B-45C0-A08D-CBCDA35C1E62}.Release|Mixed Platforms.ActiveCfg = Release|Any CPU
		{E88C4AEF-1B0B-45C0-A08D-CBCDA35C1E62}.Release|Mixed Platforms.Build.0 = Release|Any CPU
		{E88C4AEF-1B0B-45C0-A08D-CBCDA35C1E62}.Release|x86.ActiveCfg = Release|Any CPU
		{E88C4AEF-1B0B-45C0-A08D-CBCDA35C1E62}.TestLive|Any CPU.ActiveCfg = TestLive|Any CPU
		{E88C4AEF-1B0B-45C0-A08D-CBCDA35C1E62}.TestLive|Any CPU.Build.0 = TestLive|Any CPU
		{E88C4AEF-1B0B-45C0-A08D-CBCDA35C1E62}.TestLive|Mixed Platforms.ActiveCfg = TestLive|Any CPU
		{E88C4AEF-1B0B-45C0-A08D-CBCDA35C1E62}.TestLive|Mixed Platforms.Build.0 = TestLive|Any CPU
		{E88C4AEF-1B0B-45C0-A08D-CBCDA35C1E62}.TestLive|x86.ActiveCfg = TestLive|Any CPU
		{E6120916-9399-4BF5-8F95-19D79DF74067}.Debug|Any CPU.ActiveCfg = Debug|Any CPU
		{E6120916-9399-4BF5-8F95-19D79DF74067}.Debug|Any CPU.Build.0 = Debug|Any CPU
		{E6120916-9399-4BF5-8F95-19D79DF74067}.Debug|Mixed Platforms.ActiveCfg = Debug|Any CPU
		{E6120916-9399-4BF5-8F95-19D79DF74067}.Debug|Mixed Platforms.Build.0 = Debug|Any CPU
		{E6120916-9399-4BF5-8F95-19D79DF74067}.Debug|x86.ActiveCfg = Debug|Any CPU
		{E6120916-9399-4BF5-8F95-19D79DF74067}.Release|Any CPU.ActiveCfg = Release|Any CPU
		{E6120916-9399-4BF5-8F95-19D79DF74067}.Release|Any CPU.Build.0 = Release|Any CPU
		{E6120916-9399-4BF5-8F95-19D79DF74067}.Release|Mixed Platforms.ActiveCfg = Release|Any CPU
		{E6120916-9399-4BF5-8F95-19D79DF74067}.Release|Mixed Platforms.Build.0 = Release|Any CPU
		{E6120916-9399-4BF5-8F95-19D79DF74067}.Release|x86.ActiveCfg = Release|Any CPU
		{E6120916-9399-4BF5-8F95-19D79DF74067}.TestLive|Any CPU.ActiveCfg = TestLive|Any CPU
		{E6120916-9399-4BF5-8F95-19D79DF74067}.TestLive|Any CPU.Build.0 = TestLive|Any CPU
		{E6120916-9399-4BF5-8F95-19D79DF74067}.TestLive|Mixed Platforms.ActiveCfg = TestLive|Any CPU
		{E6120916-9399-4BF5-8F95-19D79DF74067}.TestLive|Mixed Platforms.Build.0 = TestLive|Any CPU
		{E6120916-9399-4BF5-8F95-19D79DF74067}.TestLive|x86.ActiveCfg = TestLive|Any CPU
		{3177997F-D216-4B02-855B-9BDE6406D51F}.Debug|Any CPU.ActiveCfg = Debug|Any CPU
		{3177997F-D216-4B02-855B-9BDE6406D51F}.Debug|Any CPU.Build.0 = Debug|Any CPU
		{3177997F-D216-4B02-855B-9BDE6406D51F}.Debug|Mixed Platforms.ActiveCfg = Debug|Any CPU
		{3177997F-D216-4B02-855B-9BDE6406D51F}.Debug|Mixed Platforms.Build.0 = Debug|Any CPU
		{3177997F-D216-4B02-855B-9BDE6406D51F}.Debug|x86.ActiveCfg = Debug|Any CPU
		{3177997F-D216-4B02-855B-9BDE6406D51F}.Release|Any CPU.ActiveCfg = Release|Any CPU
		{3177997F-D216-4B02-855B-9BDE6406D51F}.Release|Any CPU.Build.0 = Release|Any CPU
		{3177997F-D216-4B02-855B-9BDE6406D51F}.Release|Mixed Platforms.ActiveCfg = Release|Any CPU
		{3177997F-D216-4B02-855B-9BDE6406D51F}.Release|Mixed Platforms.Build.0 = Release|Any CPU
		{3177997F-D216-4B02-855B-9BDE6406D51F}.Release|x86.ActiveCfg = Release|Any CPU
		{3177997F-D216-4B02-855B-9BDE6406D51F}.TestLive|Any CPU.ActiveCfg = Release|Any CPU
		{3177997F-D216-4B02-855B-9BDE6406D51F}.TestLive|Any CPU.Build.0 = Release|Any CPU
		{3177997F-D216-4B02-855B-9BDE6406D51F}.TestLive|Mixed Platforms.ActiveCfg = Release|Any CPU
		{3177997F-D216-4B02-855B-9BDE6406D51F}.TestLive|Mixed Platforms.Build.0 = Release|Any CPU
		{3177997F-D216-4B02-855B-9BDE6406D51F}.TestLive|x86.ActiveCfg = Release|Any CPU
		{F6CEBA42-0FAF-42E8-9A16-55A42D861EA6}.Debug|Any CPU.ActiveCfg = Debug|Any CPU
		{F6CEBA42-0FAF-42E8-9A16-55A42D861EA6}.Debug|Any CPU.Build.0 = Debug|Any CPU
		{F6CEBA42-0FAF-42E8-9A16-55A42D861EA6}.Debug|Mixed Platforms.ActiveCfg = Debug|Any CPU
		{F6CEBA42-0FAF-42E8-9A16-55A42D861EA6}.Debug|Mixed Platforms.Build.0 = Debug|Any CPU
		{F6CEBA42-0FAF-42E8-9A16-55A42D861EA6}.Debug|x86.ActiveCfg = Debug|Any CPU
		{F6CEBA42-0FAF-42E8-9A16-55A42D861EA6}.Release|Any CPU.ActiveCfg = Release|Any CPU
		{F6CEBA42-0FAF-42E8-9A16-55A42D861EA6}.Release|Any CPU.Build.0 = Release|Any CPU
		{F6CEBA42-0FAF-42E8-9A16-55A42D861EA6}.Release|Mixed Platforms.ActiveCfg = Release|Any CPU
		{F6CEBA42-0FAF-42E8-9A16-55A42D861EA6}.Release|Mixed Platforms.Build.0 = Release|Any CPU
		{F6CEBA42-0FAF-42E8-9A16-55A42D861EA6}.Release|x86.ActiveCfg = Release|Any CPU
		{F6CEBA42-0FAF-42E8-9A16-55A42D861EA6}.TestLive|Any CPU.ActiveCfg = Release|Any CPU
		{F6CEBA42-0FAF-42E8-9A16-55A42D861EA6}.TestLive|Any CPU.Build.0 = Release|Any CPU
		{F6CEBA42-0FAF-42E8-9A16-55A42D861EA6}.TestLive|Mixed Platforms.ActiveCfg = Release|Any CPU
		{F6CEBA42-0FAF-42E8-9A16-55A42D861EA6}.TestLive|Mixed Platforms.Build.0 = Release|Any CPU
		{F6CEBA42-0FAF-42E8-9A16-55A42D861EA6}.TestLive|x86.ActiveCfg = Release|Any CPU
		{980F8DE9-2F6E-4A96-849D-23754B364271}.Debug|Any CPU.ActiveCfg = Debug|Any CPU
		{980F8DE9-2F6E-4A96-849D-23754B364271}.Debug|Any CPU.Build.0 = Debug|Any CPU
		{980F8DE9-2F6E-4A96-849D-23754B364271}.Debug|Mixed Platforms.ActiveCfg = Debug|Any CPU
		{980F8DE9-2F6E-4A96-849D-23754B364271}.Debug|Mixed Platforms.Build.0 = Debug|Any CPU
		{980F8DE9-2F6E-4A96-849D-23754B364271}.Debug|x86.ActiveCfg = Debug|Any CPU
		{980F8DE9-2F6E-4A96-849D-23754B364271}.Release|Any CPU.ActiveCfg = Release|Any CPU
		{980F8DE9-2F6E-4A96-849D-23754B364271}.Release|Any CPU.Build.0 = Release|Any CPU
		{980F8DE9-2F6E-4A96-849D-23754B364271}.Release|Mixed Platforms.ActiveCfg = Release|Any CPU
		{980F8DE9-2F6E-4A96-849D-23754B364271}.Release|Mixed Platforms.Build.0 = Release|Any CPU
		{980F8DE9-2F6E-4A96-849D-23754B364271}.Release|x86.ActiveCfg = Release|Any CPU
		{980F8DE9-2F6E-4A96-849D-23754B364271}.TestLive|Any CPU.ActiveCfg = TestLive|Any CPU
		{980F8DE9-2F6E-4A96-849D-23754B364271}.TestLive|Any CPU.Build.0 = TestLive|Any CPU
		{980F8DE9-2F6E-4A96-849D-23754B364271}.TestLive|Mixed Platforms.ActiveCfg = TestLive|Any CPU
		{980F8DE9-2F6E-4A96-849D-23754B364271}.TestLive|Mixed Platforms.Build.0 = TestLive|Any CPU
		{980F8DE9-2F6E-4A96-849D-23754B364271}.TestLive|x86.ActiveCfg = TestLive|Any CPU
		{ABF7D9DE-3646-4737-8EFC-5C3D5FD1CFA5}.Debug|Any CPU.ActiveCfg = Debug|Any CPU
		{ABF7D9DE-3646-4737-8EFC-5C3D5FD1CFA5}.Debug|Any CPU.Build.0 = Debug|Any CPU
		{ABF7D9DE-3646-4737-8EFC-5C3D5FD1CFA5}.Debug|Mixed Platforms.ActiveCfg = Debug|Any CPU
		{ABF7D9DE-3646-4737-8EFC-5C3D5FD1CFA5}.Debug|Mixed Platforms.Build.0 = Debug|Any CPU
		{ABF7D9DE-3646-4737-8EFC-5C3D5FD1CFA5}.Debug|x86.ActiveCfg = Debug|Any CPU
		{ABF7D9DE-3646-4737-8EFC-5C3D5FD1CFA5}.Release|Any CPU.ActiveCfg = Release|Any CPU
		{ABF7D9DE-3646-4737-8EFC-5C3D5FD1CFA5}.Release|Any CPU.Build.0 = Release|Any CPU
		{ABF7D9DE-3646-4737-8EFC-5C3D5FD1CFA5}.Release|Mixed Platforms.ActiveCfg = Release|Any CPU
		{ABF7D9DE-3646-4737-8EFC-5C3D5FD1CFA5}.Release|Mixed Platforms.Build.0 = Release|Any CPU
		{ABF7D9DE-3646-4737-8EFC-5C3D5FD1CFA5}.Release|x86.ActiveCfg = Release|Any CPU
		{ABF7D9DE-3646-4737-8EFC-5C3D5FD1CFA5}.TestLive|Any CPU.ActiveCfg = TestLive|Any CPU
		{ABF7D9DE-3646-4737-8EFC-5C3D5FD1CFA5}.TestLive|Any CPU.Build.0 = TestLive|Any CPU
		{ABF7D9DE-3646-4737-8EFC-5C3D5FD1CFA5}.TestLive|Mixed Platforms.ActiveCfg = TestLive|Any CPU
		{ABF7D9DE-3646-4737-8EFC-5C3D5FD1CFA5}.TestLive|Mixed Platforms.Build.0 = TestLive|Any CPU
		{ABF7D9DE-3646-4737-8EFC-5C3D5FD1CFA5}.TestLive|x86.ActiveCfg = TestLive|Any CPU
		{01760FEE-3AFB-486B-897D-765081C43F8B}.Debug|Any CPU.ActiveCfg = Debug|Any CPU
		{01760FEE-3AFB-486B-897D-765081C43F8B}.Debug|Any CPU.Build.0 = Debug|Any CPU
		{01760FEE-3AFB-486B-897D-765081C43F8B}.Debug|Mixed Platforms.ActiveCfg = Debug|Any CPU
		{01760FEE-3AFB-486B-897D-765081C43F8B}.Debug|Mixed Platforms.Build.0 = Debug|Any CPU
		{01760FEE-3AFB-486B-897D-765081C43F8B}.Debug|x86.ActiveCfg = Debug|Any CPU
		{01760FEE-3AFB-486B-897D-765081C43F8B}.Release|Any CPU.ActiveCfg = Release|Any CPU
		{01760FEE-3AFB-486B-897D-765081C43F8B}.Release|Any CPU.Build.0 = Release|Any CPU
		{01760FEE-3AFB-486B-897D-765081C43F8B}.Release|Mixed Platforms.ActiveCfg = Release|Any CPU
		{01760FEE-3AFB-486B-897D-765081C43F8B}.Release|Mixed Platforms.Build.0 = Release|Any CPU
		{01760FEE-3AFB-486B-897D-765081C43F8B}.Release|x86.ActiveCfg = Release|Any CPU
		{01760FEE-3AFB-486B-897D-765081C43F8B}.TestLive|Any CPU.ActiveCfg = Release|Any CPU
		{01760FEE-3AFB-486B-897D-765081C43F8B}.TestLive|Any CPU.Build.0 = Release|Any CPU
		{01760FEE-3AFB-486B-897D-765081C43F8B}.TestLive|Mixed Platforms.ActiveCfg = Release|Any CPU
		{01760FEE-3AFB-486B-897D-765081C43F8B}.TestLive|Mixed Platforms.Build.0 = Release|Any CPU
		{01760FEE-3AFB-486B-897D-765081C43F8B}.TestLive|x86.ActiveCfg = Release|Any CPU
		{D19C48C3-3AF0-4323-8479-0C4F21EAB104}.Debug|Any CPU.ActiveCfg = Debug|Any CPU
		{D19C48C3-3AF0-4323-8479-0C4F21EAB104}.Debug|Any CPU.Build.0 = Debug|Any CPU
		{D19C48C3-3AF0-4323-8479-0C4F21EAB104}.Debug|Mixed Platforms.ActiveCfg = Debug|Any CPU
		{D19C48C3-3AF0-4323-8479-0C4F21EAB104}.Debug|Mixed Platforms.Build.0 = Debug|Any CPU
		{D19C48C3-3AF0-4323-8479-0C4F21EAB104}.Debug|x86.ActiveCfg = Debug|Any CPU
		{D19C48C3-3AF0-4323-8479-0C4F21EAB104}.Release|Any CPU.ActiveCfg = Release|Any CPU
		{D19C48C3-3AF0-4323-8479-0C4F21EAB104}.Release|Any CPU.Build.0 = Release|Any CPU
		{D19C48C3-3AF0-4323-8479-0C4F21EAB104}.Release|Mixed Platforms.ActiveCfg = Release|Any CPU
		{D19C48C3-3AF0-4323-8479-0C4F21EAB104}.Release|Mixed Platforms.Build.0 = Release|Any CPU
		{D19C48C3-3AF0-4323-8479-0C4F21EAB104}.Release|x86.ActiveCfg = Release|Any CPU
		{D19C48C3-3AF0-4323-8479-0C4F21EAB104}.TestLive|Any CPU.ActiveCfg = Release|Any CPU
		{D19C48C3-3AF0-4323-8479-0C4F21EAB104}.TestLive|Any CPU.Build.0 = Release|Any CPU
		{D19C48C3-3AF0-4323-8479-0C4F21EAB104}.TestLive|Mixed Platforms.ActiveCfg = Release|Any CPU
		{D19C48C3-3AF0-4323-8479-0C4F21EAB104}.TestLive|Mixed Platforms.Build.0 = Release|Any CPU
		{D19C48C3-3AF0-4323-8479-0C4F21EAB104}.TestLive|x86.ActiveCfg = Release|Any CPU
		{A5BE76D4-EC5F-4285-B713-9C0A7947BF72}.Debug|Any CPU.ActiveCfg = Debug|Any CPU
		{A5BE76D4-EC5F-4285-B713-9C0A7947BF72}.Debug|Any CPU.Build.0 = Debug|Any CPU
		{A5BE76D4-EC5F-4285-B713-9C0A7947BF72}.Debug|Mixed Platforms.ActiveCfg = Debug|Any CPU
		{A5BE76D4-EC5F-4285-B713-9C0A7947BF72}.Debug|Mixed Platforms.Build.0 = Debug|Any CPU
		{A5BE76D4-EC5F-4285-B713-9C0A7947BF72}.Debug|x86.ActiveCfg = Debug|Any CPU
		{A5BE76D4-EC5F-4285-B713-9C0A7947BF72}.Release|Any CPU.ActiveCfg = Release|Any CPU
		{A5BE76D4-EC5F-4285-B713-9C0A7947BF72}.Release|Any CPU.Build.0 = Release|Any CPU
		{A5BE76D4-EC5F-4285-B713-9C0A7947BF72}.Release|Mixed Platforms.ActiveCfg = Release|Any CPU
		{A5BE76D4-EC5F-4285-B713-9C0A7947BF72}.Release|Mixed Platforms.Build.0 = Release|Any CPU
		{A5BE76D4-EC5F-4285-B713-9C0A7947BF72}.Release|x86.ActiveCfg = Release|Any CPU
		{A5BE76D4-EC5F-4285-B713-9C0A7947BF72}.TestLive|Any CPU.ActiveCfg = Release|Any CPU
		{A5BE76D4-EC5F-4285-B713-9C0A7947BF72}.TestLive|Any CPU.Build.0 = Release|Any CPU
		{A5BE76D4-EC5F-4285-B713-9C0A7947BF72}.TestLive|Mixed Platforms.ActiveCfg = Release|Any CPU
		{A5BE76D4-EC5F-4285-B713-9C0A7947BF72}.TestLive|Mixed Platforms.Build.0 = Release|Any CPU
		{A5BE76D4-EC5F-4285-B713-9C0A7947BF72}.TestLive|x86.ActiveCfg = Release|Any CPU
		{D0973089-76FA-4361-9D10-79DC6E12CA11}.Debug|Any CPU.ActiveCfg = Debug|Any CPU
		{D0973089-76FA-4361-9D10-79DC6E12CA11}.Debug|Any CPU.Build.0 = Debug|Any CPU
		{D0973089-76FA-4361-9D10-79DC6E12CA11}.Debug|Mixed Platforms.ActiveCfg = Debug|Any CPU
		{D0973089-76FA-4361-9D10-79DC6E12CA11}.Debug|Mixed Platforms.Build.0 = Debug|Any CPU
		{D0973089-76FA-4361-9D10-79DC6E12CA11}.Debug|x86.ActiveCfg = Debug|Any CPU
		{D0973089-76FA-4361-9D10-79DC6E12CA11}.Release|Any CPU.ActiveCfg = Release|Any CPU
		{D0973089-76FA-4361-9D10-79DC6E12CA11}.Release|Any CPU.Build.0 = Release|Any CPU
		{D0973089-76FA-4361-9D10-79DC6E12CA11}.Release|Mixed Platforms.ActiveCfg = Release|Any CPU
		{D0973089-76FA-4361-9D10-79DC6E12CA11}.Release|Mixed Platforms.Build.0 = Release|Any CPU
		{D0973089-76FA-4361-9D10-79DC6E12CA11}.Release|x86.ActiveCfg = Release|Any CPU
		{D0973089-76FA-4361-9D10-79DC6E12CA11}.TestLive|Any CPU.ActiveCfg = Release|Any CPU
		{D0973089-76FA-4361-9D10-79DC6E12CA11}.TestLive|Any CPU.Build.0 = Release|Any CPU
		{D0973089-76FA-4361-9D10-79DC6E12CA11}.TestLive|Mixed Platforms.ActiveCfg = Release|Any CPU
		{D0973089-76FA-4361-9D10-79DC6E12CA11}.TestLive|Mixed Platforms.Build.0 = Release|Any CPU
		{D0973089-76FA-4361-9D10-79DC6E12CA11}.TestLive|x86.ActiveCfg = Release|Any CPU
	EndGlobalSection
	GlobalSection(SolutionProperties) = preSolution
		HideSolutionNode = FALSE
	EndGlobalSection
	GlobalSection(NestedProjects) = preSolution
		{FA07B2F8-2A39-44D1-AADE-29916C1185CD} = {4BEDA595-7768-440E-9AF0-C0D505AEAF79}
		{473CC9C5-13CC-46E7-B3D0-B4AF4B24FD67} = {4BEDA595-7768-440E-9AF0-C0D505AEAF79}
		{C4AED52C-F09D-487F-8D58-E54087909959} = {4BEDA595-7768-440E-9AF0-C0D505AEAF79}
		{E88C4AEF-1B0B-45C0-A08D-CBCDA35C1E62} = {AE0FE0DB-691A-46B6-A792-E9FC6AC1E47D}
		{E6120916-9399-4BF5-8F95-19D79DF74067} = {AE0FE0DB-691A-46B6-A792-E9FC6AC1E47D}
		{3177997F-D216-4B02-855B-9BDE6406D51F} = {AE0FE0DB-691A-46B6-A792-E9FC6AC1E47D}
		{F6CEBA42-0FAF-42E8-9A16-55A42D861EA6} = {AE0FE0DB-691A-46B6-A792-E9FC6AC1E47D}
		{980F8DE9-2F6E-4A96-849D-23754B364271} = {AE0FE0DB-691A-46B6-A792-E9FC6AC1E47D}
		{ABF7D9DE-3646-4737-8EFC-5C3D5FD1CFA5} = {AE0FE0DB-691A-46B6-A792-E9FC6AC1E47D}
		{FBAA74EB-22CE-4C30-9D10-0214B605578A} = {4BD5D67A-321B-4D91-990E-6BE36655AB2B}
		{01760FEE-3AFB-486B-897D-765081C43F8B} = {4BD5D67A-321B-4D91-990E-6BE36655AB2B}
		{D19C48C3-3AF0-4323-8479-0C4F21EAB104} = {4BD5D67A-321B-4D91-990E-6BE36655AB2B}
		{A5BE76D4-EC5F-4285-B713-9C0A7947BF72} = {4BD5D67A-321B-4D91-990E-6BE36655AB2B}
		{D0973089-76FA-4361-9D10-79DC6E12CA11} = {4BD5D67A-321B-4D91-990E-6BE36655AB2B}
	EndGlobalSection
EndGlobal
