
Microsoft Visual Studio Solution File, Format Version 12.00
# Visual Studio 2013
VisualStudioVersion = 12.0.30501.0
MinimumVisualStudioVersion = 10.0.40219.1
Project("{2150E333-8FDC-42A3-9474-1A3956D46DE8}") = "Poker", "Poker", "{4BD5D67A-321B-4D91-990E-6BE36655AB2B}"
EndProject
Project("{2150E333-8FDC-42A3-9474-1A3956D46DE8}") = "Tests", "Tests", "{10646A39-62B0-45F4-9D1C-46252B174541}"
EndProject
Project("{2150E333-8FDC-42A3-9474-1A3956D46DE8}") = "References", "References", "{83B52027-C2CE-459B-B2D6-171D30532F57}"
	ProjectSection(SolutionItems) = preProject
		References\BluffinMuffin.Protocol.DataTypes.dll = References\BluffinMuffin.Protocol.DataTypes.dll
		References\BluffinMuffin.Protocol.dll = References\BluffinMuffin.Protocol.dll
		References\BluffinMuffin.Protocol.Tests.DataTypes.dll = References\BluffinMuffin.Protocol.Tests.DataTypes.dll
		References\Com.Ericmas001.Collections.dll = References\Com.Ericmas001.Collections.dll
		References\Com.Ericmas001.Games.dll = References\Com.Ericmas001.Games.dll
		References\Com.Ericmas001.Games.Windows.Forms.dll = References\Com.Ericmas001.Games.Windows.Forms.dll
		References\Com.Ericmas001.Net.JSON.dll = References\Com.Ericmas001.Net.JSON.dll
		References\Com.Ericmas001.Net.Protocol.dll = References\Com.Ericmas001.Net.Protocol.dll
		References\Com.Ericmas001.Util.dll = References\Com.Ericmas001.Util.dll
		References\Com.Ericmas001.Windows.Forms.dll = References\Com.Ericmas001.Windows.Forms.dll
	EndProjectSection
EndProject
Project("{FAE04EC0-301F-11D3-BF4B-00C04F79EFBC}") = "BluffinMuffin.Poker.DataTypes", "BluffinMuffin.Poker.DataTypes\BluffinMuffin.Poker.DataTypes.csproj", "{FCDF88C3-BA2F-4C06-AA9A-6ACE1355A37E}"
EndProject
Project("{FAE04EC0-301F-11D3-BF4B-00C04F79EFBC}") = "BluffinMuffin.Poker.Windows.Forms", "BluffinMuffin.Poker.Windows.Forms\BluffinMuffin.Poker.Windows.Forms.csproj", "{CA68E0E9-2B64-4FDE-8805-2AE2970B5A15}"
EndProject
Project("{FAE04EC0-301F-11D3-BF4B-00C04F79EFBC}") = "BluffinMuffin.Poker.HandEval", "BluffinMuffin.Poker.HandEval\BluffinMuffin.Poker.HandEval.csproj", "{DB8262C0-819A-4FF1-87E2-E34CA0CDA41E}"
EndProject
Project("{FAE04EC0-301F-11D3-BF4B-00C04F79EFBC}") = "BluffinMuffin.Poker.Logic", "BluffinMuffin.Poker.Logic\BluffinMuffin.Poker.Logic.csproj", "{C742E561-9DAF-40F2-92D4-C2631BBDD253}"
EndProject
Project("{FAE04EC0-301F-11D3-BF4B-00C04F79EFBC}") = "BluffinMuffin.Poker.Persistance", "BluffinMuffin.Poker.Persistance\BluffinMuffin.Poker.Persistance.csproj", "{8372FA85-E300-4353-8B10-78F93655D479}"
EndProject
Project("{2150E333-8FDC-42A3-9474-1A3956D46DE8}") = "Protocol", "Protocol", "{ECED27B5-29EC-4826-B9EC-8B7FCF915CA3}"
EndProject
Project("{FAE04EC0-301F-11D3-BF4B-00C04F79EFBC}") = "BluffinMuffin.Protocol.Client", "BluffinMuffin.Protocol.Client\BluffinMuffin.Protocol.Client.csproj", "{29F0952B-EF3C-465F-94D7-2DB43C8116E4}"
EndProject
Project("{FAE04EC0-301F-11D3-BF4B-00C04F79EFBC}") = "BluffinMuffin.Protocol.Server", "BluffinMuffin.Protocol.Server\BluffinMuffin.Protocol.Server.csproj", "{E079C15D-DBC4-4F3B-B9B2-1E1DF9DE0460}"
EndProject
Project("{FAE04EC0-301F-11D3-BF4B-00C04F79EFBC}") = "BluffinMuffin.Poker.Logic.Test", "BluffinMuffin.Poker.Logic.Test\BluffinMuffin.Poker.Logic.Test.csproj", "{AC89E53D-9130-4ED5-ACE6-82BE13E94479}"
EndProject
Project("{FAE04EC0-301F-11D3-BF4B-00C04F79EFBC}") = "BluffinMuffin.Client", "BluffinMuffin.Client\BluffinMuffin.Client.csproj", "{E1AE34E6-D758-4839-A647-B6630B000DB8}"
EndProject
Project("{FAE04EC0-301F-11D3-BF4B-00C04F79EFBC}") = "BluffinMuffin.Server", "BluffinMuffin.Server\BluffinMuffin.Server.csproj", "{BC26E2DA-CB92-437B-8751-43FC1C940707}"
EndProject
Project("{2150E333-8FDC-42A3-9474-1A3956D46DE8}") = "Tests", "Tests", "{3F31CF80-3B6D-4A98-AF73-2CDE57926E9F}"
EndProject
Project("{FAE04EC0-301F-11D3-BF4B-00C04F79EFBC}") = "BluffinMuffin.Protocol.Server.Test", "BluffinMuffin.Protocol.Server.Test\BluffinMuffin.Protocol.Server.Test.csproj", "{C7106429-DDAA-43F9-8074-80631FACED26}"
EndProject
Global
	GlobalSection(SolutionConfigurationPlatforms) = preSolution
		Debug|Any CPU = Debug|Any CPU
		Debug|Mixed Platforms = Debug|Mixed Platforms
		Debug|x86 = Debug|x86
		Release|Any CPU = Release|Any CPU
		Release|Mixed Platforms = Release|Mixed Platforms
		Release|x86 = Release|x86
		TestLive|Any CPU = TestLive|Any CPU
		TestLive|Mixed Platforms = TestLive|Mixed Platforms
		TestLive|x86 = TestLive|x86
	EndGlobalSection
	GlobalSection(ProjectConfigurationPlatforms) = postSolution
		{FCDF88C3-BA2F-4C06-AA9A-6ACE1355A37E}.Debug|Any CPU.ActiveCfg = Debug|Any CPU
		{FCDF88C3-BA2F-4C06-AA9A-6ACE1355A37E}.Debug|Any CPU.Build.0 = Debug|Any CPU
		{FCDF88C3-BA2F-4C06-AA9A-6ACE1355A37E}.Debug|Mixed Platforms.ActiveCfg = Debug|Any CPU
		{FCDF88C3-BA2F-4C06-AA9A-6ACE1355A37E}.Debug|Mixed Platforms.Build.0 = Debug|Any CPU
		{FCDF88C3-BA2F-4C06-AA9A-6ACE1355A37E}.Debug|x86.ActiveCfg = Debug|Any CPU
		{FCDF88C3-BA2F-4C06-AA9A-6ACE1355A37E}.Release|Any CPU.ActiveCfg = Release|Any CPU
		{FCDF88C3-BA2F-4C06-AA9A-6ACE1355A37E}.Release|Any CPU.Build.0 = Release|Any CPU
		{FCDF88C3-BA2F-4C06-AA9A-6ACE1355A37E}.Release|Mixed Platforms.ActiveCfg = Release|Any CPU
		{FCDF88C3-BA2F-4C06-AA9A-6ACE1355A37E}.Release|Mixed Platforms.Build.0 = Release|Any CPU
		{FCDF88C3-BA2F-4C06-AA9A-6ACE1355A37E}.Release|x86.ActiveCfg = Release|Any CPU
		{FCDF88C3-BA2F-4C06-AA9A-6ACE1355A37E}.TestLive|Any CPU.ActiveCfg = Release|Any CPU
		{FCDF88C3-BA2F-4C06-AA9A-6ACE1355A37E}.TestLive|Any CPU.Build.0 = Release|Any CPU
		{FCDF88C3-BA2F-4C06-AA9A-6ACE1355A37E}.TestLive|Mixed Platforms.ActiveCfg = Release|Any CPU
		{FCDF88C3-BA2F-4C06-AA9A-6ACE1355A37E}.TestLive|Mixed Platforms.Build.0 = Release|Any CPU
		{FCDF88C3-BA2F-4C06-AA9A-6ACE1355A37E}.TestLive|x86.ActiveCfg = Release|Any CPU
		{CA68E0E9-2B64-4FDE-8805-2AE2970B5A15}.Debug|Any CPU.ActiveCfg = Debug|Any CPU
		{CA68E0E9-2B64-4FDE-8805-2AE2970B5A15}.Debug|Any CPU.Build.0 = Debug|Any CPU
		{CA68E0E9-2B64-4FDE-8805-2AE2970B5A15}.Debug|Mixed Platforms.ActiveCfg = Debug|Any CPU
		{CA68E0E9-2B64-4FDE-8805-2AE2970B5A15}.Debug|Mixed Platforms.Build.0 = Debug|Any CPU
		{CA68E0E9-2B64-4FDE-8805-2AE2970B5A15}.Debug|x86.ActiveCfg = Debug|Any CPU
		{CA68E0E9-2B64-4FDE-8805-2AE2970B5A15}.Release|Any CPU.ActiveCfg = Release|Any CPU
		{CA68E0E9-2B64-4FDE-8805-2AE2970B5A15}.Release|Any CPU.Build.0 = Release|Any CPU
		{CA68E0E9-2B64-4FDE-8805-2AE2970B5A15}.Release|Mixed Platforms.ActiveCfg = Release|Any CPU
		{CA68E0E9-2B64-4FDE-8805-2AE2970B5A15}.Release|Mixed Platforms.Build.0 = Release|Any CPU
		{CA68E0E9-2B64-4FDE-8805-2AE2970B5A15}.Release|x86.ActiveCfg = Release|Any CPU
		{CA68E0E9-2B64-4FDE-8805-2AE2970B5A15}.TestLive|Any CPU.ActiveCfg = Release|Any CPU
		{CA68E0E9-2B64-4FDE-8805-2AE2970B5A15}.TestLive|Any CPU.Build.0 = Release|Any CPU
		{CA68E0E9-2B64-4FDE-8805-2AE2970B5A15}.TestLive|Mixed Platforms.ActiveCfg = Release|Any CPU
		{CA68E0E9-2B64-4FDE-8805-2AE2970B5A15}.TestLive|Mixed Platforms.Build.0 = Release|Any CPU
		{CA68E0E9-2B64-4FDE-8805-2AE2970B5A15}.TestLive|x86.ActiveCfg = Release|Any CPU
		{DB8262C0-819A-4FF1-87E2-E34CA0CDA41E}.Debug|Any CPU.ActiveCfg = Debug|Any CPU
		{DB8262C0-819A-4FF1-87E2-E34CA0CDA41E}.Debug|Any CPU.Build.0 = Debug|Any CPU
		{DB8262C0-819A-4FF1-87E2-E34CA0CDA41E}.Debug|Mixed Platforms.ActiveCfg = Debug|Any CPU
		{DB8262C0-819A-4FF1-87E2-E34CA0CDA41E}.Debug|Mixed Platforms.Build.0 = Debug|Any CPU
		{DB8262C0-819A-4FF1-87E2-E34CA0CDA41E}.Debug|x86.ActiveCfg = Debug|Any CPU
		{DB8262C0-819A-4FF1-87E2-E34CA0CDA41E}.Release|Any CPU.ActiveCfg = Release|Any CPU
		{DB8262C0-819A-4FF1-87E2-E34CA0CDA41E}.Release|Any CPU.Build.0 = Release|Any CPU
		{DB8262C0-819A-4FF1-87E2-E34CA0CDA41E}.Release|Mixed Platforms.ActiveCfg = Release|Any CPU
		{DB8262C0-819A-4FF1-87E2-E34CA0CDA41E}.Release|Mixed Platforms.Build.0 = Release|Any CPU
		{DB8262C0-819A-4FF1-87E2-E34CA0CDA41E}.Release|x86.ActiveCfg = Release|Any CPU
		{DB8262C0-819A-4FF1-87E2-E34CA0CDA41E}.TestLive|Any CPU.ActiveCfg = Release|Any CPU
		{DB8262C0-819A-4FF1-87E2-E34CA0CDA41E}.TestLive|Any CPU.Build.0 = Release|Any CPU
		{DB8262C0-819A-4FF1-87E2-E34CA0CDA41E}.TestLive|Mixed Platforms.ActiveCfg = Release|Any CPU
		{DB8262C0-819A-4FF1-87E2-E34CA0CDA41E}.TestLive|Mixed Platforms.Build.0 = Release|Any CPU
		{DB8262C0-819A-4FF1-87E2-E34CA0CDA41E}.TestLive|x86.ActiveCfg = Release|Any CPU
		{C742E561-9DAF-40F2-92D4-C2631BBDD253}.Debug|Any CPU.ActiveCfg = Debug|Any CPU
		{C742E561-9DAF-40F2-92D4-C2631BBDD253}.Debug|Any CPU.Build.0 = Debug|Any CPU
		{C742E561-9DAF-40F2-92D4-C2631BBDD253}.Debug|Mixed Platforms.ActiveCfg = Debug|Any CPU
		{C742E561-9DAF-40F2-92D4-C2631BBDD253}.Debug|Mixed Platforms.Build.0 = Debug|Any CPU
		{C742E561-9DAF-40F2-92D4-C2631BBDD253}.Debug|x86.ActiveCfg = Debug|Any CPU
		{C742E561-9DAF-40F2-92D4-C2631BBDD253}.Release|Any CPU.ActiveCfg = Release|Any CPU
		{C742E561-9DAF-40F2-92D4-C2631BBDD253}.Release|Any CPU.Build.0 = Release|Any CPU
		{C742E561-9DAF-40F2-92D4-C2631BBDD253}.Release|Mixed Platforms.ActiveCfg = Release|Any CPU
		{C742E561-9DAF-40F2-92D4-C2631BBDD253}.Release|Mixed Platforms.Build.0 = Release|Any CPU
		{C742E561-9DAF-40F2-92D4-C2631BBDD253}.Release|x86.ActiveCfg = Release|Any CPU
		{C742E561-9DAF-40F2-92D4-C2631BBDD253}.TestLive|Any CPU.ActiveCfg = Release|Any CPU
		{C742E561-9DAF-40F2-92D4-C2631BBDD253}.TestLive|Any CPU.Build.0 = Release|Any CPU
		{C742E561-9DAF-40F2-92D4-C2631BBDD253}.TestLive|Mixed Platforms.ActiveCfg = Release|Any CPU
		{C742E561-9DAF-40F2-92D4-C2631BBDD253}.TestLive|Mixed Platforms.Build.0 = Release|Any CPU
		{C742E561-9DAF-40F2-92D4-C2631BBDD253}.TestLive|x86.ActiveCfg = Release|Any CPU
		{8372FA85-E300-4353-8B10-78F93655D479}.Debug|Any CPU.ActiveCfg = Debug|Any CPU
		{8372FA85-E300-4353-8B10-78F93655D479}.Debug|Any CPU.Build.0 = Debug|Any CPU
		{8372FA85-E300-4353-8B10-78F93655D479}.Debug|Mixed Platforms.ActiveCfg = Debug|Any CPU
		{8372FA85-E300-4353-8B10-78F93655D479}.Debug|Mixed Platforms.Build.0 = Debug|Any CPU
		{8372FA85-E300-4353-8B10-78F93655D479}.Debug|x86.ActiveCfg = Debug|Any CPU
		{8372FA85-E300-4353-8B10-78F93655D479}.Release|Any CPU.ActiveCfg = Release|Any CPU
		{8372FA85-E300-4353-8B10-78F93655D479}.Release|Any CPU.Build.0 = Release|Any CPU
		{8372FA85-E300-4353-8B10-78F93655D479}.Release|Mixed Platforms.ActiveCfg = Release|Any CPU
		{8372FA85-E300-4353-8B10-78F93655D479}.Release|Mixed Platforms.Build.0 = Release|Any CPU
		{8372FA85-E300-4353-8B10-78F93655D479}.Release|x86.ActiveCfg = Release|Any CPU
		{8372FA85-E300-4353-8B10-78F93655D479}.TestLive|Any CPU.ActiveCfg = Release|Any CPU
		{8372FA85-E300-4353-8B10-78F93655D479}.TestLive|Any CPU.Build.0 = Release|Any CPU
		{8372FA85-E300-4353-8B10-78F93655D479}.TestLive|Mixed Platforms.ActiveCfg = Release|Any CPU
		{8372FA85-E300-4353-8B10-78F93655D479}.TestLive|Mixed Platforms.Build.0 = Release|Any CPU
		{8372FA85-E300-4353-8B10-78F93655D479}.TestLive|x86.ActiveCfg = Release|Any CPU
		{29F0952B-EF3C-465F-94D7-2DB43C8116E4}.Debug|Any CPU.ActiveCfg = Debug|Any CPU
		{29F0952B-EF3C-465F-94D7-2DB43C8116E4}.Debug|Any CPU.Build.0 = Debug|Any CPU
		{29F0952B-EF3C-465F-94D7-2DB43C8116E4}.Debug|Mixed Platforms.ActiveCfg = Debug|Any CPU
		{29F0952B-EF3C-465F-94D7-2DB43C8116E4}.Debug|Mixed Platforms.Build.0 = Debug|Any CPU
		{29F0952B-EF3C-465F-94D7-2DB43C8116E4}.Debug|x86.ActiveCfg = Debug|Any CPU
		{29F0952B-EF3C-465F-94D7-2DB43C8116E4}.Release|Any CPU.ActiveCfg = Release|Any CPU
		{29F0952B-EF3C-465F-94D7-2DB43C8116E4}.Release|Any CPU.Build.0 = Release|Any CPU
		{29F0952B-EF3C-465F-94D7-2DB43C8116E4}.Release|Mixed Platforms.ActiveCfg = Release|Any CPU
		{29F0952B-EF3C-465F-94D7-2DB43C8116E4}.Release|Mixed Platforms.Build.0 = Release|Any CPU
		{29F0952B-EF3C-465F-94D7-2DB43C8116E4}.Release|x86.ActiveCfg = Release|Any CPU
		{29F0952B-EF3C-465F-94D7-2DB43C8116E4}.TestLive|Any CPU.ActiveCfg = Release|Any CPU
		{29F0952B-EF3C-465F-94D7-2DB43C8116E4}.TestLive|Any CPU.Build.0 = Release|Any CPU
		{29F0952B-EF3C-465F-94D7-2DB43C8116E4}.TestLive|Mixed Platforms.ActiveCfg = Release|Any CPU
		{29F0952B-EF3C-465F-94D7-2DB43C8116E4}.TestLive|Mixed Platforms.Build.0 = Release|Any CPU
		{29F0952B-EF3C-465F-94D7-2DB43C8116E4}.TestLive|x86.ActiveCfg = Release|Any CPU
		{E079C15D-DBC4-4F3B-B9B2-1E1DF9DE0460}.Debug|Any CPU.ActiveCfg = Debug|Any CPU
		{E079C15D-DBC4-4F3B-B9B2-1E1DF9DE0460}.Debug|Any CPU.Build.0 = Debug|Any CPU
		{E079C15D-DBC4-4F3B-B9B2-1E1DF9DE0460}.Debug|Mixed Platforms.ActiveCfg = Debug|Any CPU
		{E079C15D-DBC4-4F3B-B9B2-1E1DF9DE0460}.Debug|Mixed Platforms.Build.0 = Debug|Any CPU
		{E079C15D-DBC4-4F3B-B9B2-1E1DF9DE0460}.Debug|x86.ActiveCfg = Debug|Any CPU
		{E079C15D-DBC4-4F3B-B9B2-1E1DF9DE0460}.Release|Any CPU.ActiveCfg = Release|Any CPU
		{E079C15D-DBC4-4F3B-B9B2-1E1DF9DE0460}.Release|Any CPU.Build.0 = Release|Any CPU
		{E079C15D-DBC4-4F3B-B9B2-1E1DF9DE0460}.Release|Mixed Platforms.ActiveCfg = Release|Any CPU
		{E079C15D-DBC4-4F3B-B9B2-1E1DF9DE0460}.Release|Mixed Platforms.Build.0 = Release|Any CPU
		{E079C15D-DBC4-4F3B-B9B2-1E1DF9DE0460}.Release|x86.ActiveCfg = Release|Any CPU
		{E079C15D-DBC4-4F3B-B9B2-1E1DF9DE0460}.TestLive|Any CPU.ActiveCfg = Release|Any CPU
		{E079C15D-DBC4-4F3B-B9B2-1E1DF9DE0460}.TestLive|Any CPU.Build.0 = Release|Any CPU
		{E079C15D-DBC4-4F3B-B9B2-1E1DF9DE0460}.TestLive|Mixed Platforms.ActiveCfg = Release|Any CPU
		{E079C15D-DBC4-4F3B-B9B2-1E1DF9DE0460}.TestLive|Mixed Platforms.Build.0 = Release|Any CPU
		{E079C15D-DBC4-4F3B-B9B2-1E1DF9DE0460}.TestLive|x86.ActiveCfg = Release|Any CPU
		{AC89E53D-9130-4ED5-ACE6-82BE13E94479}.Debug|Any CPU.ActiveCfg = Debug|Any CPU
		{AC89E53D-9130-4ED5-ACE6-82BE13E94479}.Debug|Any CPU.Build.0 = Debug|Any CPU
		{AC89E53D-9130-4ED5-ACE6-82BE13E94479}.Debug|Mixed Platforms.ActiveCfg = Debug|Any CPU
		{AC89E53D-9130-4ED5-ACE6-82BE13E94479}.Debug|Mixed Platforms.Build.0 = Debug|Any CPU
		{AC89E53D-9130-4ED5-ACE6-82BE13E94479}.Debug|x86.ActiveCfg = Debug|Any CPU
		{AC89E53D-9130-4ED5-ACE6-82BE13E94479}.Release|Any CPU.ActiveCfg = Release|Any CPU
		{AC89E53D-9130-4ED5-ACE6-82BE13E94479}.Release|Any CPU.Build.0 = Release|Any CPU
		{AC89E53D-9130-4ED5-ACE6-82BE13E94479}.Release|Mixed Platforms.ActiveCfg = Release|Any CPU
		{AC89E53D-9130-4ED5-ACE6-82BE13E94479}.Release|Mixed Platforms.Build.0 = Release|Any CPU
		{AC89E53D-9130-4ED5-ACE6-82BE13E94479}.Release|x86.ActiveCfg = Release|Any CPU
		{AC89E53D-9130-4ED5-ACE6-82BE13E94479}.TestLive|Any CPU.ActiveCfg = Release|Any CPU
		{AC89E53D-9130-4ED5-ACE6-82BE13E94479}.TestLive|Any CPU.Build.0 = Release|Any CPU
		{AC89E53D-9130-4ED5-ACE6-82BE13E94479}.TestLive|Mixed Platforms.ActiveCfg = Release|Any CPU
		{AC89E53D-9130-4ED5-ACE6-82BE13E94479}.TestLive|Mixed Platforms.Build.0 = Release|Any CPU
		{AC89E53D-9130-4ED5-ACE6-82BE13E94479}.TestLive|x86.ActiveCfg = Release|Any CPU
		{E1AE34E6-D758-4839-A647-B6630B000DB8}.Debug|Any CPU.ActiveCfg = Debug|Any CPU
		{E1AE34E6-D758-4839-A647-B6630B000DB8}.Debug|Any CPU.Build.0 = Debug|Any CPU
		{E1AE34E6-D758-4839-A647-B6630B000DB8}.Debug|Mixed Platforms.ActiveCfg = Debug|Any CPU
		{E1AE34E6-D758-4839-A647-B6630B000DB8}.Debug|Mixed Platforms.Build.0 = Debug|Any CPU
		{E1AE34E6-D758-4839-A647-B6630B000DB8}.Debug|x86.ActiveCfg = Debug|Any CPU
		{E1AE34E6-D758-4839-A647-B6630B000DB8}.Release|Any CPU.ActiveCfg = Release|Any CPU
		{E1AE34E6-D758-4839-A647-B6630B000DB8}.Release|Any CPU.Build.0 = Release|Any CPU
		{E1AE34E6-D758-4839-A647-B6630B000DB8}.Release|Mixed Platforms.ActiveCfg = Release|Any CPU
		{E1AE34E6-D758-4839-A647-B6630B000DB8}.Release|Mixed Platforms.Build.0 = Release|Any CPU
		{E1AE34E6-D758-4839-A647-B6630B000DB8}.Release|x86.ActiveCfg = Release|Any CPU
		{E1AE34E6-D758-4839-A647-B6630B000DB8}.TestLive|Any CPU.ActiveCfg = Release|Any CPU
		{E1AE34E6-D758-4839-A647-B6630B000DB8}.TestLive|Any CPU.Build.0 = Release|Any CPU
		{E1AE34E6-D758-4839-A647-B6630B000DB8}.TestLive|Mixed Platforms.ActiveCfg = Release|Any CPU
		{E1AE34E6-D758-4839-A647-B6630B000DB8}.TestLive|Mixed Platforms.Build.0 = Release|Any CPU
		{E1AE34E6-D758-4839-A647-B6630B000DB8}.TestLive|x86.ActiveCfg = Release|Any CPU
		{BC26E2DA-CB92-437B-8751-43FC1C940707}.Debug|Any CPU.ActiveCfg = Debug|Any CPU
		{BC26E2DA-CB92-437B-8751-43FC1C940707}.Debug|Any CPU.Build.0 = Debug|Any CPU
		{BC26E2DA-CB92-437B-8751-43FC1C940707}.Debug|Mixed Platforms.ActiveCfg = Debug|Any CPU
		{BC26E2DA-CB92-437B-8751-43FC1C940707}.Debug|Mixed Platforms.Build.0 = Debug|Any CPU
		{BC26E2DA-CB92-437B-8751-43FC1C940707}.Debug|x86.ActiveCfg = Debug|Any CPU
		{BC26E2DA-CB92-437B-8751-43FC1C940707}.Release|Any CPU.ActiveCfg = Release|Any CPU
		{BC26E2DA-CB92-437B-8751-43FC1C940707}.Release|Any CPU.Build.0 = Release|Any CPU
		{BC26E2DA-CB92-437B-8751-43FC1C940707}.Release|Mixed Platforms.ActiveCfg = Release|Any CPU
		{BC26E2DA-CB92-437B-8751-43FC1C940707}.Release|Mixed Platforms.Build.0 = Release|Any CPU
		{BC26E2DA-CB92-437B-8751-43FC1C940707}.Release|x86.ActiveCfg = Release|Any CPU
		{BC26E2DA-CB92-437B-8751-43FC1C940707}.TestLive|Any CPU.ActiveCfg = Release|Any CPU
		{BC26E2DA-CB92-437B-8751-43FC1C940707}.TestLive|Any CPU.Build.0 = Release|Any CPU
		{BC26E2DA-CB92-437B-8751-43FC1C940707}.TestLive|Mixed Platforms.ActiveCfg = Release|Any CPU
		{BC26E2DA-CB92-437B-8751-43FC1C940707}.TestLive|Mixed Platforms.Build.0 = Release|Any CPU
		{BC26E2DA-CB92-437B-8751-43FC1C940707}.TestLive|x86.ActiveCfg = Release|Any CPU
		{C7106429-DDAA-43F9-8074-80631FACED26}.Debug|Any CPU.ActiveCfg = Debug|Any CPU
		{C7106429-DDAA-43F9-8074-80631FACED26}.Debug|Any CPU.Build.0 = Debug|Any CPU
		{C7106429-DDAA-43F9-8074-80631FACED26}.Debug|Mixed Platforms.ActiveCfg = Debug|Any CPU
		{C7106429-DDAA-43F9-8074-80631FACED26}.Debug|Mixed Platforms.Build.0 = Debug|Any CPU
		{C7106429-DDAA-43F9-8074-80631FACED26}.Debug|x86.ActiveCfg = Debug|Any CPU
		{C7106429-DDAA-43F9-8074-80631FACED26}.Release|Any CPU.ActiveCfg = Release|Any CPU
		{C7106429-DDAA-43F9-8074-80631FACED26}.Release|Any CPU.Build.0 = Release|Any CPU
		{C7106429-DDAA-43F9-8074-80631FACED26}.Release|Mixed Platforms.ActiveCfg = Release|Any CPU
		{C7106429-DDAA-43F9-8074-80631FACED26}.Release|Mixed Platforms.Build.0 = Release|Any CPU
		{C7106429-DDAA-43F9-8074-80631FACED26}.Release|x86.ActiveCfg = Release|Any CPU
		{C7106429-DDAA-43F9-8074-80631FACED26}.TestLive|Any CPU.ActiveCfg = Release|Any CPU
		{C7106429-DDAA-43F9-8074-80631FACED26}.TestLive|Any CPU.Build.0 = Release|Any CPU
		{C7106429-DDAA-43F9-8074-80631FACED26}.TestLive|Mixed Platforms.ActiveCfg = Release|Any CPU
		{C7106429-DDAA-43F9-8074-80631FACED26}.TestLive|Mixed Platforms.Build.0 = Release|Any CPU
		{C7106429-DDAA-43F9-8074-80631FACED26}.TestLive|x86.ActiveCfg = Release|Any CPU
	EndGlobalSection
	GlobalSection(SolutionProperties) = preSolution
		HideSolutionNode = FALSE
	EndGlobalSection
	GlobalSection(NestedProjects) = preSolution
		{10646A39-62B0-45F4-9D1C-46252B174541} = {4BD5D67A-321B-4D91-990E-6BE36655AB2B}
		{FCDF88C3-BA2F-4C06-AA9A-6ACE1355A37E} = {4BD5D67A-321B-4D91-990E-6BE36655AB2B}
		{CA68E0E9-2B64-4FDE-8805-2AE2970B5A15} = {4BD5D67A-321B-4D91-990E-6BE36655AB2B}
		{DB8262C0-819A-4FF1-87E2-E34CA0CDA41E} = {4BD5D67A-321B-4D91-990E-6BE36655AB2B}
		{C742E561-9DAF-40F2-92D4-C2631BBDD253} = {4BD5D67A-321B-4D91-990E-6BE36655AB2B}
		{8372FA85-E300-4353-8B10-78F93655D479} = {4BD5D67A-321B-4D91-990E-6BE36655AB2B}
		{29F0952B-EF3C-465F-94D7-2DB43C8116E4} = {ECED27B5-29EC-4826-B9EC-8B7FCF915CA3}
		{E079C15D-DBC4-4F3B-B9B2-1E1DF9DE0460} = {ECED27B5-29EC-4826-B9EC-8B7FCF915CA3}
		{AC89E53D-9130-4ED5-ACE6-82BE13E94479} = {10646A39-62B0-45F4-9D1C-46252B174541}
		{3F31CF80-3B6D-4A98-AF73-2CDE57926E9F} = {ECED27B5-29EC-4826-B9EC-8B7FCF915CA3}
		{C7106429-DDAA-43F9-8074-80631FACED26} = {3F31CF80-3B6D-4A98-AF73-2CDE57926E9F}
	EndGlobalSection
EndGlobal
