
Microsoft Visual Studio Solution File, Format Version 12.00
# Visual Studio 2013
VisualStudioVersion = 12.0.21005.1
MinimumVisualStudioVersion = 10.0.40219.1
Project("{FAE04EC0-301F-11D3-BF4B-00C04F79EFBC}") = "BluffinPokerClient_2013", "BluffinPokerClient\BluffinPokerClient_2013.csproj", "{FA07B2F8-2A39-44D1-AADE-29916C1185CD}"
EndProject
Project("{FAE04EC0-301F-11D3-BF4B-00C04F79EFBC}") = "BluffinPokerGui_2013", "BluffinPokerGui\BluffinPokerGui_2013.csproj", "{473CC9C5-13CC-46E7-B3D0-B4AF4B24FD67}"
EndProject
Project("{FAE04EC0-301F-11D3-BF4B-00C04F79EFBC}") = "BluffinPokerServer_2013", "BluffinPokerServer\BluffinPokerServer_2013.csproj", "{C4AED52C-F09D-487F-8D58-E54087909959}"
EndProject
Project("{FAE04EC0-301F-11D3-BF4B-00C04F79EFBC}") = "EricUtility_2013", "EricUtility\EricUtility_2013.csproj", "{E88C4AEF-1B0B-45C0-A08D-CBCDA35C1E62}"
EndProject
Project("{FAE04EC0-301F-11D3-BF4B-00C04F79EFBC}") = "EricUtilityCollections_2013", "EricUtilityCollections\EricUtilityCollections_2013.csproj", "{E6120916-9399-4BF5-8F95-19D79DF74067}"
EndProject
Project("{FAE04EC0-301F-11D3-BF4B-00C04F79EFBC}") = "EricUtilityGames_2013", "EricUtilityGames\EricUtilityGames_2013.csproj", "{3177997F-D216-4B02-855B-9BDE6406D51F}"
EndProject
Project("{FAE04EC0-301F-11D3-BF4B-00C04F79EFBC}") = "EricUtilityGamesWinForms_2013", "EricUtilityGamesWinForms\EricUtilityGamesWinForms_2013.csproj", "{F6CEBA42-0FAF-42E8-9A16-55A42D861EA6}"
EndProject
Project("{FAE04EC0-301F-11D3-BF4B-00C04F79EFBC}") = "EricUtilityNetworking_2013", "EricUtilityNetworking\EricUtilityNetworking_2013.csproj", "{980F8DE9-2F6E-4A96-849D-23754B364271}"
EndProject
Project("{FAE04EC0-301F-11D3-BF4B-00C04F79EFBC}") = "EricUtilityWinForms_2013", "EricUtilityWinForms\EricUtilityWinForms_2013.csproj", "{ABF7D9DE-3646-4737-8EFC-5C3D5FD1CFA5}"
EndProject
Project("{2150E333-8FDC-42A3-9474-1A3956D46DE8}") = "BluffinMuffin", "BluffinMuffin", "{4BEDA595-7768-440E-9AF0-C0D505AEAF79}"
EndProject
Project("{2150E333-8FDC-42A3-9474-1A3956D46DE8}") = "EricUtility", "EricUtility", "{AE0FE0DB-691A-46B6-A792-E9FC6AC1E47D}"
EndProject
Project("{2150E333-8FDC-42A3-9474-1A3956D46DE8}") = "Poker", "Poker", "{4BD5D67A-321B-4D91-990E-6BE36655AB2B}"
EndProject
Project("{FAE04EC0-301F-11D3-BF4B-00C04F79EFBC}") = "Com.Ericmas001.Game.Poker.Protocol.Commands", "Com.Ericmas001.Game.Poker.Protocol.Commands\Com.Ericmas001.Game.Poker.Protocol.Commands.csproj", "{D19C48C3-3AF0-4323-8479-0C4F21EAB104}"
EndProject
Project("{FAE04EC0-301F-11D3-BF4B-00C04F79EFBC}") = "Com.Ericmas001.Game.Poker.Protocol.Client", "Com.Ericmas001.Game.Poker.Protocol.Client\Com.Ericmas001.Game.Poker.Protocol.Client.csproj", "{A5BE76D4-EC5F-4285-B713-9C0A7947BF72}"
EndProject
Project("{FAE04EC0-301F-11D3-BF4B-00C04F79EFBC}") = "Com.Ericmas001.Game.Poker.Protocol.Server", "Com.Ericmas001.Game.Poker.Protocol.Server\Com.Ericmas001.Game.Poker.Protocol.Server.csproj", "{D0973089-76FA-4361-9D10-79DC6E12CA11}"
EndProject
Project("{FAE04EC0-301F-11D3-BF4B-00C04F79EFBC}") = "Com.Ericmas001.Game.Poker.Persistance", "Com.Ericmas001.Game.Poker.Persistance\Com.Ericmas001.Game.Poker.Persistance.csproj", "{032C04FF-5C33-4BE2-AD7F-BED27134C8DF}"
EndProject
Project("{FAE04EC0-301F-11D3-BF4B-00C04F79EFBC}") = "Com.Ericmas001.Game.Poker.DataTypes", "Com.Ericmas001.Game.Poker.DataTypes\Com.Ericmas001.Game.Poker.DataTypes.csproj", "{AE42A29B-0D01-44C8-B824-DCA0471A7860}"
EndProject
Project("{FAE04EC0-301F-11D3-BF4B-00C04F79EFBC}") = "Com.Ericmas001.Game.Poker.Logic", "Com.Ericmas001.Game.Poker.Logic\Com.Ericmas001.Game.Poker.Logic.csproj", "{27A8B599-CD12-415A-B20F-4F1E718A1A0B}"
EndProject
Project("{FAE04EC0-301F-11D3-BF4B-00C04F79EFBC}") = "Com.Ericmas001.Game.Poker.HandEval", "Com.Ericmas001.Game.Poker.HandEval\Com.Ericmas001.Game.Poker.HandEval.csproj", "{44093528-2EC8-4A7A-8032-8BE6DC3E210F}"
EndProject
Project("{FAE04EC0-301F-11D3-BF4B-00C04F79EFBC}") = "Com.Ericmas001.Game.Poker.Logic.Test", "Com.Ericmas001.Game.Poker.Logic.Test\Com.Ericmas001.Game.Poker.Logic.Test.csproj", "{3AA02169-F848-43AD-8A89-0724FFDEA1EF}"
EndProject
Global
	GlobalSection(SolutionConfigurationPlatforms) = preSolution
		Debug|Any CPU = Debug|Any CPU
		Debug|Mixed Platforms = Debug|Mixed Platforms
		Debug|x86 = Debug|x86
		Release|Any CPU = Release|Any CPU
		Release|Mixed Platforms = Release|Mixed Platforms
		Release|x86 = Release|x86
		TestLive|Any CPU = TestLive|Any CPU
		TestLive|Mixed Platforms = TestLive|Mixed Platforms
		TestLive|x86 = TestLive|x86
	EndGlobalSection
	GlobalSection(ProjectConfigurationPlatforms) = postSolution
		{FA07B2F8-2A39-44D1-AADE-29916C1185CD}.Debug|Any CPU.ActiveCfg = Debug|x86
		{FA07B2F8-2A39-44D1-AADE-29916C1185CD}.Debug|Mixed Platforms.ActiveCfg = Debug|x86
		{FA07B2F8-2A39-44D1-AADE-29916C1185CD}.Debug|Mixed Platforms.Build.0 = Debug|x86
		{FA07B2F8-2A39-44D1-AADE-29916C1185CD}.Debug|x86.ActiveCfg = Debug|x86
		{FA07B2F8-2A39-44D1-AADE-29916C1185CD}.Debug|x86.Build.0 = Debug|x86
		{FA07B2F8-2A39-44D1-AADE-29916C1185CD}.Release|Any CPU.ActiveCfg = Release|x86
		{FA07B2F8-2A39-44D1-AADE-29916C1185CD}.Release|Mixed Platforms.ActiveCfg = Release|x86
		{FA07B2F8-2A39-44D1-AADE-29916C1185CD}.Release|Mixed Platforms.Build.0 = Release|x86
		{FA07B2F8-2A39-44D1-AADE-29916C1185CD}.Release|x86.ActiveCfg = Release|x86
		{FA07B2F8-2A39-44D1-AADE-29916C1185CD}.Release|x86.Build.0 = Release|x86
		{FA07B2F8-2A39-44D1-AADE-29916C1185CD}.TestLive|Any CPU.ActiveCfg = Release|x86
		{FA07B2F8-2A39-44D1-AADE-29916C1185CD}.TestLive|Mixed Platforms.ActiveCfg = Release|x86
		{FA07B2F8-2A39-44D1-AADE-29916C1185CD}.TestLive|Mixed Platforms.Build.0 = Release|x86
		{FA07B2F8-2A39-44D1-AADE-29916C1185CD}.TestLive|x86.ActiveCfg = Release|x86
		{FA07B2F8-2A39-44D1-AADE-29916C1185CD}.TestLive|x86.Build.0 = Release|x86
		{473CC9C5-13CC-46E7-B3D0-B4AF4B24FD67}.Debug|Any CPU.ActiveCfg = Debug|Any CPU
		{473CC9C5-13CC-46E7-B3D0-B4AF4B24FD67}.Debug|Any CPU.Build.0 = Debug|Any CPU
		{473CC9C5-13CC-46E7-B3D0-B4AF4B24FD67}.Debug|Mixed Platforms.ActiveCfg = Debug|Any CPU
		{473CC9C5-13CC-46E7-B3D0-B4AF4B24FD67}.Debug|Mixed Platforms.Build.0 = Debug|Any CPU
		{473CC9C5-13CC-46E7-B3D0-B4AF4B24FD67}.Debug|x86.ActiveCfg = Debug|Any CPU
		{473CC9C5-13CC-46E7-B3D0-B4AF4B24FD67}.Release|Any CPU.ActiveCfg = Release|Any CPU
		{473CC9C5-13CC-46E7-B3D0-B4AF4B24FD67}.Release|Any CPU.Build.0 = Release|Any CPU
		{473CC9C5-13CC-46E7-B3D0-B4AF4B24FD67}.Release|Mixed Platforms.ActiveCfg = Release|Any CPU
		{473CC9C5-13CC-46E7-B3D0-B4AF4B24FD67}.Release|Mixed Platforms.Build.0 = Release|Any CPU
		{473CC9C5-13CC-46E7-B3D0-B4AF4B24FD67}.Release|x86.ActiveCfg = Release|Any CPU
		{473CC9C5-13CC-46E7-B3D0-B4AF4B24FD67}.TestLive|Any CPU.ActiveCfg = Release|Any CPU
		{473CC9C5-13CC-46E7-B3D0-B4AF4B24FD67}.TestLive|Any CPU.Build.0 = Release|Any CPU
		{473CC9C5-13CC-46E7-B3D0-B4AF4B24FD67}.TestLive|Mixed Platforms.ActiveCfg = Release|Any CPU
		{473CC9C5-13CC-46E7-B3D0-B4AF4B24FD67}.TestLive|Mixed Platforms.Build.0 = Release|Any CPU
		{473CC9C5-13CC-46E7-B3D0-B4AF4B24FD67}.TestLive|x86.ActiveCfg = Release|Any CPU
		{C4AED52C-F09D-487F-8D58-E54087909959}.Debug|Any CPU.ActiveCfg = Debug|x86
		{C4AED52C-F09D-487F-8D58-E54087909959}.Debug|Mixed Platforms.ActiveCfg = Debug|x86
		{C4AED52C-F09D-487F-8D58-E54087909959}.Debug|Mixed Platforms.Build.0 = Debug|x86
		{C4AED52C-F09D-487F-8D58-E54087909959}.Debug|x86.ActiveCfg = Debug|x86
		{C4AED52C-F09D-487F-8D58-E54087909959}.Debug|x86.Build.0 = Debug|x86
		{C4AED52C-F09D-487F-8D58-E54087909959}.Release|Any CPU.ActiveCfg = Release|x86
		{C4AED52C-F09D-487F-8D58-E54087909959}.Release|Mixed Platforms.ActiveCfg = Release|x86
		{C4AED52C-F09D-487F-8D58-E54087909959}.Release|Mixed Platforms.Build.0 = Release|x86
		{C4AED52C-F09D-487F-8D58-E54087909959}.Release|x86.ActiveCfg = Release|x86
		{C4AED52C-F09D-487F-8D58-E54087909959}.Release|x86.Build.0 = Release|x86
		{C4AED52C-F09D-487F-8D58-E54087909959}.TestLive|Any CPU.ActiveCfg = Release|x86
		{C4AED52C-F09D-487F-8D58-E54087909959}.TestLive|Mixed Platforms.ActiveCfg = Release|x86
		{C4AED52C-F09D-487F-8D58-E54087909959}.TestLive|Mixed Platforms.Build.0 = Release|x86
		{C4AED52C-F09D-487F-8D58-E54087909959}.TestLive|x86.ActiveCfg = Release|x86
		{C4AED52C-F09D-487F-8D58-E54087909959}.TestLive|x86.Build.0 = Release|x86
		{E88C4AEF-1B0B-45C0-A08D-CBCDA35C1E62}.Debug|Any CPU.ActiveCfg = Debug|Any CPU
		{E88C4AEF-1B0B-45C0-A08D-CBCDA35C1E62}.Debug|Any CPU.Build.0 = Debug|Any CPU
		{E88C4AEF-1B0B-45C0-A08D-CBCDA35C1E62}.Debug|Mixed Platforms.ActiveCfg = Debug|Any CPU
		{E88C4AEF-1B0B-45C0-A08D-CBCDA35C1E62}.Debug|Mixed Platforms.Build.0 = Debug|Any CPU
		{E88C4AEF-1B0B-45C0-A08D-CBCDA35C1E62}.Debug|x86.ActiveCfg = Debug|Any CPU
		{E88C4AEF-1B0B-45C0-A08D-CBCDA35C1E62}.Release|Any CPU.ActiveCfg = Release|Any CPU
		{E88C4AEF-1B0B-45C0-A08D-CBCDA35C1E62}.Release|Any CPU.Build.0 = Release|Any CPU
		{E88C4AEF-1B0B-45C0-A08D-CBCDA35C1E62}.Release|Mixed Platforms.ActiveCfg = Release|Any CPU
		{E88C4AEF-1B0B-45C0-A08D-CBCDA35C1E62}.Release|Mixed Platforms.Build.0 = Release|Any CPU
		{E88C4AEF-1B0B-45C0-A08D-CBCDA35C1E62}.Release|x86.ActiveCfg = Release|Any CPU
		{E88C4AEF-1B0B-45C0-A08D-CBCDA35C1E62}.TestLive|Any CPU.ActiveCfg = TestLive|Any CPU
		{E88C4AEF-1B0B-45C0-A08D-CBCDA35C1E62}.TestLive|Any CPU.Build.0 = TestLive|Any CPU
		{E88C4AEF-1B0B-45C0-A08D-CBCDA35C1E62}.TestLive|Mixed Platforms.ActiveCfg = TestLive|Any CPU
		{E88C4AEF-1B0B-45C0-A08D-CBCDA35C1E62}.TestLive|Mixed Platforms.Build.0 = TestLive|Any CPU
		{E88C4AEF-1B0B-45C0-A08D-CBCDA35C1E62}.TestLive|x86.ActiveCfg = TestLive|Any CPU
		{E6120916-9399-4BF5-8F95-19D79DF74067}.Debug|Any CPU.ActiveCfg = Debug|Any CPU
		{E6120916-9399-4BF5-8F95-19D79DF74067}.Debug|Any CPU.Build.0 = Debug|Any CPU
		{E6120916-9399-4BF5-8F95-19D79DF74067}.Debug|Mixed Platforms.ActiveCfg = Debug|Any CPU
		{E6120916-9399-4BF5-8F95-19D79DF74067}.Debug|Mixed Platforms.Build.0 = Debug|Any CPU
		{E6120916-9399-4BF5-8F95-19D79DF74067}.Debug|x86.ActiveCfg = Debug|Any CPU
		{E6120916-9399-4BF5-8F95-19D79DF74067}.Release|Any CPU.ActiveCfg = Release|Any CPU
		{E6120916-9399-4BF5-8F95-19D79DF74067}.Release|Any CPU.Build.0 = Release|Any CPU
		{E6120916-9399-4BF5-8F95-19D79DF74067}.Release|Mixed Platforms.ActiveCfg = Release|Any CPU
		{E6120916-9399-4BF5-8F95-19D79DF74067}.Release|Mixed Platforms.Build.0 = Release|Any CPU
		{E6120916-9399-4BF5-8F95-19D79DF74067}.Release|x86.ActiveCfg = Release|Any CPU
		{E6120916-9399-4BF5-8F95-19D79DF74067}.TestLive|Any CPU.ActiveCfg = TestLive|Any CPU
		{E6120916-9399-4BF5-8F95-19D79DF74067}.TestLive|Any CPU.Build.0 = TestLive|Any CPU
		{E6120916-9399-4BF5-8F95-19D79DF74067}.TestLive|Mixed Platforms.ActiveCfg = TestLive|Any CPU
		{E6120916-9399-4BF5-8F95-19D79DF74067}.TestLive|Mixed Platforms.Build.0 = TestLive|Any CPU
		{E6120916-9399-4BF5-8F95-19D79DF74067}.TestLive|x86.ActiveCfg = TestLive|Any CPU
		{3177997F-D216-4B02-855B-9BDE6406D51F}.Debug|Any CPU.ActiveCfg = Debug|Any CPU
		{3177997F-D216-4B02-855B-9BDE6406D51F}.Debug|Any CPU.Build.0 = Debug|Any CPU
		{3177997F-D216-4B02-855B-9BDE6406D51F}.Debug|Mixed Platforms.ActiveCfg = Debug|Any CPU
		{3177997F-D216-4B02-855B-9BDE6406D51F}.Debug|Mixed Platforms.Build.0 = Debug|Any CPU
		{3177997F-D216-4B02-855B-9BDE6406D51F}.Debug|x86.ActiveCfg = Debug|Any CPU
		{3177997F-D216-4B02-855B-9BDE6406D51F}.Release|Any CPU.ActiveCfg = Release|Any CPU
		{3177997F-D216-4B02-855B-9BDE6406D51F}.Release|Any CPU.Build.0 = Release|Any CPU
		{3177997F-D216-4B02-855B-9BDE6406D51F}.Release|Mixed Platforms.ActiveCfg = Release|Any CPU
		{3177997F-D216-4B02-855B-9BDE6406D51F}.Release|Mixed Platforms.Build.0 = Release|Any CPU
		{3177997F-D216-4B02-855B-9BDE6406D51F}.Release|x86.ActiveCfg = Release|Any CPU
		{3177997F-D216-4B02-855B-9BDE6406D51F}.TestLive|Any CPU.ActiveCfg = Release|Any CPU
		{3177997F-D216-4B02-855B-9BDE6406D51F}.TestLive|Any CPU.Build.0 = Release|Any CPU
		{3177997F-D216-4B02-855B-9BDE6406D51F}.TestLive|Mixed Platforms.ActiveCfg = Release|Any CPU
		{3177997F-D216-4B02-855B-9BDE6406D51F}.TestLive|Mixed Platforms.Build.0 = Release|Any CPU
		{3177997F-D216-4B02-855B-9BDE6406D51F}.TestLive|x86.ActiveCfg = Release|Any CPU
		{F6CEBA42-0FAF-42E8-9A16-55A42D861EA6}.Debug|Any CPU.ActiveCfg = Debug|Any CPU
		{F6CEBA42-0FAF-42E8-9A16-55A42D861EA6}.Debug|Any CPU.Build.0 = Debug|Any CPU
		{F6CEBA42-0FAF-42E8-9A16-55A42D861EA6}.Debug|Mixed Platforms.ActiveCfg = Debug|Any CPU
		{F6CEBA42-0FAF-42E8-9A16-55A42D861EA6}.Debug|Mixed Platforms.Build.0 = Debug|Any CPU
		{F6CEBA42-0FAF-42E8-9A16-55A42D861EA6}.Debug|x86.ActiveCfg = Debug|Any CPU
		{F6CEBA42-0FAF-42E8-9A16-55A42D861EA6}.Release|Any CPU.ActiveCfg = Release|Any CPU
		{F6CEBA42-0FAF-42E8-9A16-55A42D861EA6}.Release|Any CPU.Build.0 = Release|Any CPU
		{F6CEBA42-0FAF-42E8-9A16-55A42D861EA6}.Release|Mixed Platforms.ActiveCfg = Release|Any CPU
		{F6CEBA42-0FAF-42E8-9A16-55A42D861EA6}.Release|Mixed Platforms.Build.0 = Release|Any CPU
		{F6CEBA42-0FAF-42E8-9A16-55A42D861EA6}.Release|x86.ActiveCfg = Release|Any CPU
		{F6CEBA42-0FAF-42E8-9A16-55A42D861EA6}.TestLive|Any CPU.ActiveCfg = Release|Any CPU
		{F6CEBA42-0FAF-42E8-9A16-55A42D861EA6}.TestLive|Any CPU.Build.0 = Release|Any CPU
		{F6CEBA42-0FAF-42E8-9A16-55A42D861EA6}.TestLive|Mixed Platforms.ActiveCfg = Release|Any CPU
		{F6CEBA42-0FAF-42E8-9A16-55A42D861EA6}.TestLive|Mixed Platforms.Build.0 = Release|Any CPU
		{F6CEBA42-0FAF-42E8-9A16-55A42D861EA6}.TestLive|x86.ActiveCfg = Release|Any CPU
		{980F8DE9-2F6E-4A96-849D-23754B364271}.Debug|Any CPU.ActiveCfg = Debug|Any CPU
		{980F8DE9-2F6E-4A96-849D-23754B364271}.Debug|Any CPU.Build.0 = Debug|Any CPU
		{980F8DE9-2F6E-4A96-849D-23754B364271}.Debug|Mixed Platforms.ActiveCfg = Debug|Any CPU
		{980F8DE9-2F6E-4A96-849D-23754B364271}.Debug|Mixed Platforms.Build.0 = Debug|Any CPU
		{980F8DE9-2F6E-4A96-849D-23754B364271}.Debug|x86.ActiveCfg = Debug|Any CPU
		{980F8DE9-2F6E-4A96-849D-23754B364271}.Release|Any CPU.ActiveCfg = Release|Any CPU
		{980F8DE9-2F6E-4A96-849D-23754B364271}.Release|Any CPU.Build.0 = Release|Any CPU
		{980F8DE9-2F6E-4A96-849D-23754B364271}.Release|Mixed Platforms.ActiveCfg = Release|Any CPU
		{980F8DE9-2F6E-4A96-849D-23754B364271}.Release|Mixed Platforms.Build.0 = Release|Any CPU
		{980F8DE9-2F6E-4A96-849D-23754B364271}.Release|x86.ActiveCfg = Release|Any CPU
		{980F8DE9-2F6E-4A96-849D-23754B364271}.TestLive|Any CPU.ActiveCfg = TestLive|Any CPU
		{980F8DE9-2F6E-4A96-849D-23754B364271}.TestLive|Any CPU.Build.0 = TestLive|Any CPU
		{980F8DE9-2F6E-4A96-849D-23754B364271}.TestLive|Mixed Platforms.ActiveCfg = TestLive|Any CPU
		{980F8DE9-2F6E-4A96-849D-23754B364271}.TestLive|Mixed Platforms.Build.0 = TestLive|Any CPU
		{980F8DE9-2F6E-4A96-849D-23754B364271}.TestLive|x86.ActiveCfg = TestLive|Any CPU
		{ABF7D9DE-3646-4737-8EFC-5C3D5FD1CFA5}.Debug|Any CPU.ActiveCfg = Debug|Any CPU
		{ABF7D9DE-3646-4737-8EFC-5C3D5FD1CFA5}.Debug|Any CPU.Build.0 = Debug|Any CPU
		{ABF7D9DE-3646-4737-8EFC-5C3D5FD1CFA5}.Debug|Mixed Platforms.ActiveCfg = Debug|Any CPU
		{ABF7D9DE-3646-4737-8EFC-5C3D5FD1CFA5}.Debug|Mixed Platforms.Build.0 = Debug|Any CPU
		{ABF7D9DE-3646-4737-8EFC-5C3D5FD1CFA5}.Debug|x86.ActiveCfg = Debug|Any CPU
		{ABF7D9DE-3646-4737-8EFC-5C3D5FD1CFA5}.Release|Any CPU.ActiveCfg = Release|Any CPU
		{ABF7D9DE-3646-4737-8EFC-5C3D5FD1CFA5}.Release|Any CPU.Build.0 = Release|Any CPU
		{ABF7D9DE-3646-4737-8EFC-5C3D5FD1CFA5}.Release|Mixed Platforms.ActiveCfg = Release|Any CPU
		{ABF7D9DE-3646-4737-8EFC-5C3D5FD1CFA5}.Release|Mixed Platforms.Build.0 = Release|Any CPU
		{ABF7D9DE-3646-4737-8EFC-5C3D5FD1CFA5}.Release|x86.ActiveCfg = Release|Any CPU
		{ABF7D9DE-3646-4737-8EFC-5C3D5FD1CFA5}.TestLive|Any CPU.ActiveCfg = TestLive|Any CPU
		{ABF7D9DE-3646-4737-8EFC-5C3D5FD1CFA5}.TestLive|Any CPU.Build.0 = TestLive|Any CPU
		{ABF7D9DE-3646-4737-8EFC-5C3D5FD1CFA5}.TestLive|Mixed Platforms.ActiveCfg = TestLive|Any CPU
		{ABF7D9DE-3646-4737-8EFC-5C3D5FD1CFA5}.TestLive|Mixed Platforms.Build.0 = TestLive|Any CPU
		{ABF7D9DE-3646-4737-8EFC-5C3D5FD1CFA5}.TestLive|x86.ActiveCfg = TestLive|Any CPU
		{D19C48C3-3AF0-4323-8479-0C4F21EAB104}.Debug|Any CPU.ActiveCfg = Debug|Any CPU
		{D19C48C3-3AF0-4323-8479-0C4F21EAB104}.Debug|Any CPU.Build.0 = Debug|Any CPU
		{D19C48C3-3AF0-4323-8479-0C4F21EAB104}.Debug|Mixed Platforms.ActiveCfg = Debug|Any CPU
		{D19C48C3-3AF0-4323-8479-0C4F21EAB104}.Debug|Mixed Platforms.Build.0 = Debug|Any CPU
		{D19C48C3-3AF0-4323-8479-0C4F21EAB104}.Debug|x86.ActiveCfg = Debug|Any CPU
		{D19C48C3-3AF0-4323-8479-0C4F21EAB104}.Release|Any CPU.ActiveCfg = Release|Any CPU
		{D19C48C3-3AF0-4323-8479-0C4F21EAB104}.Release|Any CPU.Build.0 = Release|Any CPU
		{D19C48C3-3AF0-4323-8479-0C4F21EAB104}.Release|Mixed Platforms.ActiveCfg = Release|Any CPU
		{D19C48C3-3AF0-4323-8479-0C4F21EAB104}.Release|Mixed Platforms.Build.0 = Release|Any CPU
		{D19C48C3-3AF0-4323-8479-0C4F21EAB104}.Release|x86.ActiveCfg = Release|Any CPU
		{D19C48C3-3AF0-4323-8479-0C4F21EAB104}.TestLive|Any CPU.ActiveCfg = Release|Any CPU
		{D19C48C3-3AF0-4323-8479-0C4F21EAB104}.TestLive|Any CPU.Build.0 = Release|Any CPU
		{D19C48C3-3AF0-4323-8479-0C4F21EAB104}.TestLive|Mixed Platforms.ActiveCfg = Release|Any CPU
		{D19C48C3-3AF0-4323-8479-0C4F21EAB104}.TestLive|Mixed Platforms.Build.0 = Release|Any CPU
		{D19C48C3-3AF0-4323-8479-0C4F21EAB104}.TestLive|x86.ActiveCfg = Release|Any CPU
		{A5BE76D4-EC5F-4285-B713-9C0A7947BF72}.Debug|Any CPU.ActiveCfg = Debug|Any CPU
		{A5BE76D4-EC5F-4285-B713-9C0A7947BF72}.Debug|Any CPU.Build.0 = Debug|Any CPU
		{A5BE76D4-EC5F-4285-B713-9C0A7947BF72}.Debug|Mixed Platforms.ActiveCfg = Debug|Any CPU
		{A5BE76D4-EC5F-4285-B713-9C0A7947BF72}.Debug|Mixed Platforms.Build.0 = Debug|Any CPU
		{A5BE76D4-EC5F-4285-B713-9C0A7947BF72}.Debug|x86.ActiveCfg = Debug|Any CPU
		{A5BE76D4-EC5F-4285-B713-9C0A7947BF72}.Release|Any CPU.ActiveCfg = Release|Any CPU
		{A5BE76D4-EC5F-4285-B713-9C0A7947BF72}.Release|Any CPU.Build.0 = Release|Any CPU
		{A5BE76D4-EC5F-4285-B713-9C0A7947BF72}.Release|Mixed Platforms.ActiveCfg = Release|Any CPU
		{A5BE76D4-EC5F-4285-B713-9C0A7947BF72}.Release|Mixed Platforms.Build.0 = Release|Any CPU
		{A5BE76D4-EC5F-4285-B713-9C0A7947BF72}.Release|x86.ActiveCfg = Release|Any CPU
		{A5BE76D4-EC5F-4285-B713-9C0A7947BF72}.TestLive|Any CPU.ActiveCfg = Release|Any CPU
		{A5BE76D4-EC5F-4285-B713-9C0A7947BF72}.TestLive|Any CPU.Build.0 = Release|Any CPU
		{A5BE76D4-EC5F-4285-B713-9C0A7947BF72}.TestLive|Mixed Platforms.ActiveCfg = Release|Any CPU
		{A5BE76D4-EC5F-4285-B713-9C0A7947BF72}.TestLive|Mixed Platforms.Build.0 = Release|Any CPU
		{A5BE76D4-EC5F-4285-B713-9C0A7947BF72}.TestLive|x86.ActiveCfg = Release|Any CPU
		{D0973089-76FA-4361-9D10-79DC6E12CA11}.Debug|Any CPU.ActiveCfg = Debug|Any CPU
		{D0973089-76FA-4361-9D10-79DC6E12CA11}.Debug|Any CPU.Build.0 = Debug|Any CPU
		{D0973089-76FA-4361-9D10-79DC6E12CA11}.Debug|Mixed Platforms.ActiveCfg = Debug|Any CPU
		{D0973089-76FA-4361-9D10-79DC6E12CA11}.Debug|Mixed Platforms.Build.0 = Debug|Any CPU
		{D0973089-76FA-4361-9D10-79DC6E12CA11}.Debug|x86.ActiveCfg = Debug|Any CPU
		{D0973089-76FA-4361-9D10-79DC6E12CA11}.Release|Any CPU.ActiveCfg = Release|Any CPU
		{D0973089-76FA-4361-9D10-79DC6E12CA11}.Release|Any CPU.Build.0 = Release|Any CPU
		{D0973089-76FA-4361-9D10-79DC6E12CA11}.Release|Mixed Platforms.ActiveCfg = Release|Any CPU
		{D0973089-76FA-4361-9D10-79DC6E12CA11}.Release|Mixed Platforms.Build.0 = Release|Any CPU
		{D0973089-76FA-4361-9D10-79DC6E12CA11}.Release|x86.ActiveCfg = Release|Any CPU
		{D0973089-76FA-4361-9D10-79DC6E12CA11}.TestLive|Any CPU.ActiveCfg = Release|Any CPU
		{D0973089-76FA-4361-9D10-79DC6E12CA11}.TestLive|Any CPU.Build.0 = Release|Any CPU
		{D0973089-76FA-4361-9D10-79DC6E12CA11}.TestLive|Mixed Platforms.ActiveCfg = Release|Any CPU
		{D0973089-76FA-4361-9D10-79DC6E12CA11}.TestLive|Mixed Platforms.Build.0 = Release|Any CPU
		{D0973089-76FA-4361-9D10-79DC6E12CA11}.TestLive|x86.ActiveCfg = Release|Any CPU
		{032C04FF-5C33-4BE2-AD7F-BED27134C8DF}.Debug|Any CPU.ActiveCfg = Debug|Any CPU
		{032C04FF-5C33-4BE2-AD7F-BED27134C8DF}.Debug|Any CPU.Build.0 = Debug|Any CPU
		{032C04FF-5C33-4BE2-AD7F-BED27134C8DF}.Debug|Mixed Platforms.ActiveCfg = Debug|Any CPU
		{032C04FF-5C33-4BE2-AD7F-BED27134C8DF}.Debug|Mixed Platforms.Build.0 = Debug|Any CPU
		{032C04FF-5C33-4BE2-AD7F-BED27134C8DF}.Debug|x86.ActiveCfg = Debug|Any CPU
		{032C04FF-5C33-4BE2-AD7F-BED27134C8DF}.Release|Any CPU.ActiveCfg = Release|Any CPU
		{032C04FF-5C33-4BE2-AD7F-BED27134C8DF}.Release|Any CPU.Build.0 = Release|Any CPU
		{032C04FF-5C33-4BE2-AD7F-BED27134C8DF}.Release|Mixed Platforms.ActiveCfg = Release|Any CPU
		{032C04FF-5C33-4BE2-AD7F-BED27134C8DF}.Release|Mixed Platforms.Build.0 = Release|Any CPU
		{032C04FF-5C33-4BE2-AD7F-BED27134C8DF}.Release|x86.ActiveCfg = Release|Any CPU
		{032C04FF-5C33-4BE2-AD7F-BED27134C8DF}.TestLive|Any CPU.ActiveCfg = Release|Any CPU
		{032C04FF-5C33-4BE2-AD7F-BED27134C8DF}.TestLive|Any CPU.Build.0 = Release|Any CPU
		{032C04FF-5C33-4BE2-AD7F-BED27134C8DF}.TestLive|Mixed Platforms.ActiveCfg = Release|Any CPU
		{032C04FF-5C33-4BE2-AD7F-BED27134C8DF}.TestLive|Mixed Platforms.Build.0 = Release|Any CPU
		{032C04FF-5C33-4BE2-AD7F-BED27134C8DF}.TestLive|x86.ActiveCfg = Release|Any CPU
		{AE42A29B-0D01-44C8-B824-DCA0471A7860}.Debug|Any CPU.ActiveCfg = Debug|Any CPU
		{AE42A29B-0D01-44C8-B824-DCA0471A7860}.Debug|Any CPU.Build.0 = Debug|Any CPU
		{AE42A29B-0D01-44C8-B824-DCA0471A7860}.Debug|Mixed Platforms.ActiveCfg = Debug|Any CPU
		{AE42A29B-0D01-44C8-B824-DCA0471A7860}.Debug|Mixed Platforms.Build.0 = Debug|Any CPU
		{AE42A29B-0D01-44C8-B824-DCA0471A7860}.Debug|x86.ActiveCfg = Debug|Any CPU
		{AE42A29B-0D01-44C8-B824-DCA0471A7860}.Release|Any CPU.ActiveCfg = Release|Any CPU
		{AE42A29B-0D01-44C8-B824-DCA0471A7860}.Release|Any CPU.Build.0 = Release|Any CPU
		{AE42A29B-0D01-44C8-B824-DCA0471A7860}.Release|Mixed Platforms.ActiveCfg = Release|Any CPU
		{AE42A29B-0D01-44C8-B824-DCA0471A7860}.Release|Mixed Platforms.Build.0 = Release|Any CPU
		{AE42A29B-0D01-44C8-B824-DCA0471A7860}.Release|x86.ActiveCfg = Release|Any CPU
		{AE42A29B-0D01-44C8-B824-DCA0471A7860}.TestLive|Any CPU.ActiveCfg = Release|Any CPU
		{AE42A29B-0D01-44C8-B824-DCA0471A7860}.TestLive|Any CPU.Build.0 = Release|Any CPU
		{AE42A29B-0D01-44C8-B824-DCA0471A7860}.TestLive|Mixed Platforms.ActiveCfg = Release|Any CPU
		{AE42A29B-0D01-44C8-B824-DCA0471A7860}.TestLive|Mixed Platforms.Build.0 = Release|Any CPU
		{AE42A29B-0D01-44C8-B824-DCA0471A7860}.TestLive|x86.ActiveCfg = Release|Any CPU
		{27A8B599-CD12-415A-B20F-4F1E718A1A0B}.Debug|Any CPU.ActiveCfg = Debug|Any CPU
		{27A8B599-CD12-415A-B20F-4F1E718A1A0B}.Debug|Any CPU.Build.0 = Debug|Any CPU
		{27A8B599-CD12-415A-B20F-4F1E718A1A0B}.Debug|Mixed Platforms.ActiveCfg = Debug|Any CPU
		{27A8B599-CD12-415A-B20F-4F1E718A1A0B}.Debug|Mixed Platforms.Build.0 = Debug|Any CPU
		{27A8B599-CD12-415A-B20F-4F1E718A1A0B}.Debug|x86.ActiveCfg = Debug|Any CPU
		{27A8B599-CD12-415A-B20F-4F1E718A1A0B}.Release|Any CPU.ActiveCfg = Release|Any CPU
		{27A8B599-CD12-415A-B20F-4F1E718A1A0B}.Release|Any CPU.Build.0 = Release|Any CPU
		{27A8B599-CD12-415A-B20F-4F1E718A1A0B}.Release|Mixed Platforms.ActiveCfg = Release|Any CPU
		{27A8B599-CD12-415A-B20F-4F1E718A1A0B}.Release|Mixed Platforms.Build.0 = Release|Any CPU
		{27A8B599-CD12-415A-B20F-4F1E718A1A0B}.Release|x86.ActiveCfg = Release|Any CPU
		{27A8B599-CD12-415A-B20F-4F1E718A1A0B}.TestLive|Any CPU.ActiveCfg = Release|Any CPU
		{27A8B599-CD12-415A-B20F-4F1E718A1A0B}.TestLive|Any CPU.Build.0 = Release|Any CPU
		{27A8B599-CD12-415A-B20F-4F1E718A1A0B}.TestLive|Mixed Platforms.ActiveCfg = Release|Any CPU
		{27A8B599-CD12-415A-B20F-4F1E718A1A0B}.TestLive|Mixed Platforms.Build.0 = Release|Any CPU
		{27A8B599-CD12-415A-B20F-4F1E718A1A0B}.TestLive|x86.ActiveCfg = Release|Any CPU
		{44093528-2EC8-4A7A-8032-8BE6DC3E210F}.Debug|Any CPU.ActiveCfg = Debug|Any CPU
		{44093528-2EC8-4A7A-8032-8BE6DC3E210F}.Debug|Any CPU.Build.0 = Debug|Any CPU
		{44093528-2EC8-4A7A-8032-8BE6DC3E210F}.Debug|Mixed Platforms.ActiveCfg = Debug|Any CPU
		{44093528-2EC8-4A7A-8032-8BE6DC3E210F}.Debug|Mixed Platforms.Build.0 = Debug|Any CPU
		{44093528-2EC8-4A7A-8032-8BE6DC3E210F}.Debug|x86.ActiveCfg = Debug|Any CPU
		{44093528-2EC8-4A7A-8032-8BE6DC3E210F}.Release|Any CPU.ActiveCfg = Release|Any CPU
		{44093528-2EC8-4A7A-8032-8BE6DC3E210F}.Release|Any CPU.Build.0 = Release|Any CPU
		{44093528-2EC8-4A7A-8032-8BE6DC3E210F}.Release|Mixed Platforms.ActiveCfg = Release|Any CPU
		{44093528-2EC8-4A7A-8032-8BE6DC3E210F}.Release|Mixed Platforms.Build.0 = Release|Any CPU
		{44093528-2EC8-4A7A-8032-8BE6DC3E210F}.Release|x86.ActiveCfg = Release|Any CPU
		{44093528-2EC8-4A7A-8032-8BE6DC3E210F}.TestLive|Any CPU.ActiveCfg = Release|Any CPU
		{44093528-2EC8-4A7A-8032-8BE6DC3E210F}.TestLive|Any CPU.Build.0 = Release|Any CPU
		{44093528-2EC8-4A7A-8032-8BE6DC3E210F}.TestLive|Mixed Platforms.ActiveCfg = Release|Any CPU
		{44093528-2EC8-4A7A-8032-8BE6DC3E210F}.TestLive|Mixed Platforms.Build.0 = Release|Any CPU
		{44093528-2EC8-4A7A-8032-8BE6DC3E210F}.TestLive|x86.ActiveCfg = Release|Any CPU
		{3AA02169-F848-43AD-8A89-0724FFDEA1EF}.Debug|Any CPU.ActiveCfg = Debug|Any CPU
		{3AA02169-F848-43AD-8A89-0724FFDEA1EF}.Debug|Any CPU.Build.0 = Debug|Any CPU
		{3AA02169-F848-43AD-8A89-0724FFDEA1EF}.Debug|Mixed Platforms.ActiveCfg = Debug|Any CPU
		{3AA02169-F848-43AD-8A89-0724FFDEA1EF}.Debug|Mixed Platforms.Build.0 = Debug|Any CPU
		{3AA02169-F848-43AD-8A89-0724FFDEA1EF}.Debug|x86.ActiveCfg = Debug|Any CPU
		{3AA02169-F848-43AD-8A89-0724FFDEA1EF}.Release|Any CPU.ActiveCfg = Release|Any CPU
		{3AA02169-F848-43AD-8A89-0724FFDEA1EF}.Release|Any CPU.Build.0 = Release|Any CPU
		{3AA02169-F848-43AD-8A89-0724FFDEA1EF}.Release|Mixed Platforms.ActiveCfg = Release|Any CPU
		{3AA02169-F848-43AD-8A89-0724FFDEA1EF}.Release|Mixed Platforms.Build.0 = Release|Any CPU
		{3AA02169-F848-43AD-8A89-0724FFDEA1EF}.Release|x86.ActiveCfg = Release|Any CPU
		{3AA02169-F848-43AD-8A89-0724FFDEA1EF}.TestLive|Any CPU.ActiveCfg = Release|Any CPU
		{3AA02169-F848-43AD-8A89-0724FFDEA1EF}.TestLive|Any CPU.Build.0 = Release|Any CPU
		{3AA02169-F848-43AD-8A89-0724FFDEA1EF}.TestLive|Mixed Platforms.ActiveCfg = Release|Any CPU
		{3AA02169-F848-43AD-8A89-0724FFDEA1EF}.TestLive|Mixed Platforms.Build.0 = Release|Any CPU
		{3AA02169-F848-43AD-8A89-0724FFDEA1EF}.TestLive|x86.ActiveCfg = Release|Any CPU
	EndGlobalSection
	GlobalSection(SolutionProperties) = preSolution
		HideSolutionNode = FALSE
	EndGlobalSection
	GlobalSection(NestedProjects) = preSolution
		{473CC9C5-13CC-46E7-B3D0-B4AF4B24FD67} = {4BEDA595-7768-440E-9AF0-C0D505AEAF79}
		{C4AED52C-F09D-487F-8D58-E54087909959} = {4BEDA595-7768-440E-9AF0-C0D505AEAF79}
		{FA07B2F8-2A39-44D1-AADE-29916C1185CD} = {4BEDA595-7768-440E-9AF0-C0D505AEAF79}
		{D19C48C3-3AF0-4323-8479-0C4F21EAB104} = {4BD5D67A-321B-4D91-990E-6BE36655AB2B}
		{A5BE76D4-EC5F-4285-B713-9C0A7947BF72} = {4BD5D67A-321B-4D91-990E-6BE36655AB2B}
		{D0973089-76FA-4361-9D10-79DC6E12CA11} = {4BD5D67A-321B-4D91-990E-6BE36655AB2B}
		{032C04FF-5C33-4BE2-AD7F-BED27134C8DF} = {4BD5D67A-321B-4D91-990E-6BE36655AB2B}
		{AE42A29B-0D01-44C8-B824-DCA0471A7860} = {4BD5D67A-321B-4D91-990E-6BE36655AB2B}
		{27A8B599-CD12-415A-B20F-4F1E718A1A0B} = {4BD5D67A-321B-4D91-990E-6BE36655AB2B}
		{44093528-2EC8-4A7A-8032-8BE6DC3E210F} = {4BD5D67A-321B-4D91-990E-6BE36655AB2B}
		{3AA02169-F848-43AD-8A89-0724FFDEA1EF} = {4BD5D67A-321B-4D91-990E-6BE36655AB2B}
		{E6120916-9399-4BF5-8F95-19D79DF74067} = {AE0FE0DB-691A-46B6-A792-E9FC6AC1E47D}
		{3177997F-D216-4B02-855B-9BDE6406D51F} = {AE0FE0DB-691A-46B6-A792-E9FC6AC1E47D}
		{F6CEBA42-0FAF-42E8-9A16-55A42D861EA6} = {AE0FE0DB-691A-46B6-A792-E9FC6AC1E47D}
		{980F8DE9-2F6E-4A96-849D-23754B364271} = {AE0FE0DB-691A-46B6-A792-E9FC6AC1E47D}
		{ABF7D9DE-3646-4737-8EFC-5C3D5FD1CFA5} = {AE0FE0DB-691A-46B6-A792-E9FC6AC1E47D}
		{E88C4AEF-1B0B-45C0-A08D-CBCDA35C1E62} = {AE0FE0DB-691A-46B6-A792-E9FC6AC1E47D}
	EndGlobalSection
EndGlobal
